// !$*UTF8*$!
{
	archiveVersion = 1;
	classes = {
	};
	objectVersion = 55;
	objects = {

/* Begin PBXBuildFile section */
		4F02621828D1B77B00138CDA /* ProfileEditor.swift in Sources */ = {isa = PBXBuildFile; fileRef = 4F02621728D1B77B00138CDA /* ProfileEditor.swift */; };
		4F25E32528D1A42600E138AB /* WorkingWithUIControlsApp.swift in Sources */ = {isa = PBXBuildFile; fileRef = 4F25E32428D1A42600E138AB /* WorkingWithUIControlsApp.swift */; };
		4F25E32C28D1A42F00E138AB /* Preview Assets.xcassets in Resources */ = {isa = PBXBuildFile; fileRef = 4F25E32B28D1A42F00E138AB /* Preview Assets.xcassets */; };
		4F25E33628D1A42F00E138AB /* WorkingWithUIControlsTests.swift in Sources */ = {isa = PBXBuildFile; fileRef = 4F25E33528D1A42F00E138AB /* WorkingWithUIControlsTests.swift */; };
		4F25E34028D1A42F00E138AB /* WorkingWithUIControlsUITests.swift in Sources */ = {isa = PBXBuildFile; fileRef = 4F25E33F28D1A42F00E138AB /* WorkingWithUIControlsUITests.swift */; };
		4F25E34228D1A42F00E138AB /* WorkingWithUIControlsUITestsLaunchTests.swift in Sources */ = {isa = PBXBuildFile; fileRef = 4F25E34128D1A42F00E138AB /* WorkingWithUIControlsUITestsLaunchTests.swift */; };
		4F25E36F28D1A43D00E138AB /* Hike.swift in Sources */ = {isa = PBXBuildFile; fileRef = 4F25E34F28D1A43500E138AB /* Hike.swift */; };
		4F25E37028D1A43D00E138AB /* ModelData.swift in Sources */ = {isa = PBXBuildFile; fileRef = 4F25E35028D1A43500E138AB /* ModelData.swift */; };
		4F25E37128D1A43E00E138AB /* Landmark.swift in Sources */ = {isa = PBXBuildFile; fileRef = 4F25E35128D1A43500E138AB /* Landmark.swift */; };
		4F25E37228D1A43E00E138AB /* Assets.xcassets in Resources */ = {isa = PBXBuildFile; fileRef = 4F25E35228D1A43C00E138AB /* Assets.xcassets */; };
		4F25E37328D1A43E00E138AB /* hikeData.json in Resources */ = {isa = PBXBuildFile; fileRef = 4F25E35428D1A43C00E138AB /* hikeData.json */; };
		4F25E37428D1A43E00E138AB /* landmarkData.json in Resources */ = {isa = PBXBuildFile; fileRef = 4F25E35528D1A43C00E138AB /* landmarkData.json */; };
		4F25E37528D1A43E00E138AB /* GraphCapsule.swift in Sources */ = {isa = PBXBuildFile; fileRef = 4F25E35828D1A43D00E138AB /* GraphCapsule.swift */; };
		4F25E37628D1A43E00E138AB /* HikeGraph.swift in Sources */ = {isa = PBXBuildFile; fileRef = 4F25E35928D1A43D00E138AB /* HikeGraph.swift */; };
		4F25E37728D1A43E00E138AB /* HikeDetail.swift in Sources */ = {isa = PBXBuildFile; fileRef = 4F25E35A28D1A43D00E138AB /* HikeDetail.swift */; };
		4F25E37828D1A43E00E138AB /* HikeView.swift in Sources */ = {isa = PBXBuildFile; fileRef = 4F25E35B28D1A43D00E138AB /* HikeView.swift */; };
		4F25E37928D1A43E00E138AB /* LandmarkList.swift in Sources */ = {isa = PBXBuildFile; fileRef = 4F25E35D28D1A43D00E138AB /* LandmarkList.swift */; };
		4F25E37A28D1A43E00E138AB /* LandmarkDetail.swift in Sources */ = {isa = PBXBuildFile; fileRef = 4F25E35E28D1A43D00E138AB /* LandmarkDetail.swift */; };
		4F25E37B28D1A43E00E138AB /* LandmarkRow.swift in Sources */ = {isa = PBXBuildFile; fileRef = 4F25E35F28D1A43D00E138AB /* LandmarkRow.swift */; };
		4F25E37C28D1A43E00E138AB /* CategoryItem.swift in Sources */ = {isa = PBXBuildFile; fileRef = 4F25E36128D1A43D00E138AB /* CategoryItem.swift */; };
		4F25E37D28D1A43E00E138AB /* CategoryHome.swift in Sources */ = {isa = PBXBuildFile; fileRef = 4F25E36228D1A43D00E138AB /* CategoryHome.swift */; };
		4F25E37E28D1A43E00E138AB /* CategoryRow.swift in Sources */ = {isa = PBXBuildFile; fileRef = 4F25E36328D1A43D00E138AB /* CategoryRow.swift */; };
		4F25E37F28D1A43E00E138AB /* ContentView.swift in Sources */ = {isa = PBXBuildFile; fileRef = 4F25E36428D1A43D00E138AB /* ContentView.swift */; };
		4F25E38028D1A43E00E138AB /* MapView.swift in Sources */ = {isa = PBXBuildFile; fileRef = 4F25E36628D1A43D00E138AB /* MapView.swift */; };
		4F25E38128D1A43E00E138AB /* CircleImage.swift in Sources */ = {isa = PBXBuildFile; fileRef = 4F25E36728D1A43D00E138AB /* CircleImage.swift */; };
		4F25E38228D1A43E00E138AB /* FavoriteButton.swift in Sources */ = {isa = PBXBuildFile; fileRef = 4F25E36828D1A43D00E138AB /* FavoriteButton.swift */; };
		4F25E38328D1A43E00E138AB /* RotatedBadgeSymbol.swift in Sources */ = {isa = PBXBuildFile; fileRef = 4F25E36A28D1A43D00E138AB /* RotatedBadgeSymbol.swift */; };
		4F25E38428D1A43E00E138AB /* HexagonParameters.swift in Sources */ = {isa = PBXBuildFile; fileRef = 4F25E36B28D1A43D00E138AB /* HexagonParameters.swift */; };
		4F25E38528D1A43E00E138AB /* BadgeSymbol.swift in Sources */ = {isa = PBXBuildFile; fileRef = 4F25E36C28D1A43D00E138AB /* BadgeSymbol.swift */; };
		4F25E38628D1A43E00E138AB /* BadgeBackground.swift in Sources */ = {isa = PBXBuildFile; fileRef = 4F25E36D28D1A43D00E138AB /* BadgeBackground.swift */; };
		4F25E38728D1A43E00E138AB /* Badge.swift in Sources */ = {isa = PBXBuildFile; fileRef = 4F25E36E28D1A43D00E138AB /* Badge.swift */; };
		4F25E38928D1A81A00E138AB /* Profile.swift in Sources */ = {isa = PBXBuildFile; fileRef = 4F25E38828D1A81A00E138AB /* Profile.swift */; };
		4F25E38B28D1A8DA00E138AB /* ProfileHost.swift in Sources */ = {isa = PBXBuildFile; fileRef = 4F25E38A28D1A8DA00E138AB /* ProfileHost.swift */; };
		4F25E38E28D1A9A500E138AB /* ProfileSummary.swift in Sources */ = {isa = PBXBuildFile; fileRef = 4F25E38D28D1A9A500E138AB /* ProfileSummary.swift */; };
		4F25E39028D1AA6100E138AB /* HikeBadge.swift in Sources */ = {isa = PBXBuildFile; fileRef = 4F25E38F28D1AA6100E138AB /* HikeBadge.swift */; };
/* End PBXBuildFile section */

/* Begin PBXContainerItemProxy section */
		4F25E33228D1A42F00E138AB /* PBXContainerItemProxy */ = {
			isa = PBXContainerItemProxy;
			containerPortal = 4F25E31928D1A42500E138AB /* Project object */;
			proxyType = 1;
			remoteGlobalIDString = 4F25E32028D1A42600E138AB;
			remoteInfo = WorkingWithUIControls;
		};
		4F25E33C28D1A42F00E138AB /* PBXContainerItemProxy */ = {
			isa = PBXContainerItemProxy;
			containerPortal = 4F25E31928D1A42500E138AB /* Project object */;
			proxyType = 1;
			remoteGlobalIDString = 4F25E32028D1A42600E138AB;
			remoteInfo = WorkingWithUIControls;
		};
/* End PBXContainerItemProxy section */

/* Begin PBXFileReference section */
		4F02621728D1B77B00138CDA /* ProfileEditor.swift */ = {isa = PBXFileReference; lastKnownFileType = sourcecode.swift; path = ProfileEditor.swift; sourceTree = "<group>"; };
		4F25E32128D1A42600E138AB /* WorkingWithUIControls.app */ = {isa = PBXFileReference; explicitFileType = wrapper.application; includeInIndex = 0; path = WorkingWithUIControls.app; sourceTree = BUILT_PRODUCTS_DIR; };
		4F25E32428D1A42600E138AB /* WorkingWithUIControlsApp.swift */ = {isa = PBXFileReference; lastKnownFileType = sourcecode.swift; path = WorkingWithUIControlsApp.swift; sourceTree = "<group>"; };
		4F25E32B28D1A42F00E138AB /* Preview Assets.xcassets */ = {isa = PBXFileReference; lastKnownFileType = folder.assetcatalog; path = "Preview Assets.xcassets"; sourceTree = "<group>"; };
		4F25E33128D1A42F00E138AB /* WorkingWithUIControlsTests.xctest */ = {isa = PBXFileReference; explicitFileType = wrapper.cfbundle; includeInIndex = 0; path = WorkingWithUIControlsTests.xctest; sourceTree = BUILT_PRODUCTS_DIR; };
		4F25E33528D1A42F00E138AB /* WorkingWithUIControlsTests.swift */ = {isa = PBXFileReference; lastKnownFileType = sourcecode.swift; path = WorkingWithUIControlsTests.swift; sourceTree = "<group>"; };
		4F25E33B28D1A42F00E138AB /* WorkingWithUIControlsUITests.xctest */ = {isa = PBXFileReference; explicitFileType = wrapper.cfbundle; includeInIndex = 0; path = WorkingWithUIControlsUITests.xctest; sourceTree = BUILT_PRODUCTS_DIR; };
		4F25E33F28D1A42F00E138AB /* WorkingWithUIControlsUITests.swift */ = {isa = PBXFileReference; lastKnownFileType = sourcecode.swift; path = WorkingWithUIControlsUITests.swift; sourceTree = "<group>"; };
		4F25E34128D1A42F00E138AB /* WorkingWithUIControlsUITestsLaunchTests.swift */ = {isa = PBXFileReference; lastKnownFileType = sourcecode.swift; path = WorkingWithUIControlsUITestsLaunchTests.swift; sourceTree = "<group>"; };
		4F25E34F28D1A43500E138AB /* Hike.swift */ = {isa = PBXFileReference; fileEncoding = 4; lastKnownFileType = sourcecode.swift; path = Hike.swift; sourceTree = "<group>"; };
		4F25E35028D1A43500E138AB /* ModelData.swift */ = {isa = PBXFileReference; fileEncoding = 4; lastKnownFileType = sourcecode.swift; path = ModelData.swift; sourceTree = "<group>"; };
		4F25E35128D1A43500E138AB /* Landmark.swift */ = {isa = PBXFileReference; fileEncoding = 4; lastKnownFileType = sourcecode.swift; path = Landmark.swift; sourceTree = "<group>"; };
		4F25E35228D1A43C00E138AB /* Assets.xcassets */ = {isa = PBXFileReference; lastKnownFileType = folder.assetcatalog; path = Assets.xcassets; sourceTree = "<group>"; };
		4F25E35428D1A43C00E138AB /* hikeData.json */ = {isa = PBXFileReference; fileEncoding = 4; lastKnownFileType = text.json; path = hikeData.json; sourceTree = "<group>"; };
		4F25E35528D1A43C00E138AB /* landmarkData.json */ = {isa = PBXFileReference; fileEncoding = 4; lastKnownFileType = text.json; path = landmarkData.json; sourceTree = "<group>"; };
		4F25E35828D1A43D00E138AB /* GraphCapsule.swift */ = {isa = PBXFileReference; fileEncoding = 4; lastKnownFileType = sourcecode.swift; path = GraphCapsule.swift; sourceTree = "<group>"; };
		4F25E35928D1A43D00E138AB /* HikeGraph.swift */ = {isa = PBXFileReference; fileEncoding = 4; lastKnownFileType = sourcecode.swift; path = HikeGraph.swift; sourceTree = "<group>"; };
		4F25E35A28D1A43D00E138AB /* HikeDetail.swift */ = {isa = PBXFileReference; fileEncoding = 4; lastKnownFileType = sourcecode.swift; path = HikeDetail.swift; sourceTree = "<group>"; };
		4F25E35B28D1A43D00E138AB /* HikeView.swift */ = {isa = PBXFileReference; fileEncoding = 4; lastKnownFileType = sourcecode.swift; path = HikeView.swift; sourceTree = "<group>"; };
		4F25E35D28D1A43D00E138AB /* LandmarkList.swift */ = {isa = PBXFileReference; fileEncoding = 4; lastKnownFileType = sourcecode.swift; path = LandmarkList.swift; sourceTree = "<group>"; };
		4F25E35E28D1A43D00E138AB /* LandmarkDetail.swift */ = {isa = PBXFileReference; fileEncoding = 4; lastKnownFileType = sourcecode.swift; path = LandmarkDetail.swift; sourceTree = "<group>"; };
		4F25E35F28D1A43D00E138AB /* LandmarkRow.swift */ = {isa = PBXFileReference; fileEncoding = 4; lastKnownFileType = sourcecode.swift; path = LandmarkRow.swift; sourceTree = "<group>"; };
		4F25E36128D1A43D00E138AB /* CategoryItem.swift */ = {isa = PBXFileReference; fileEncoding = 4; lastKnownFileType = sourcecode.swift; path = CategoryItem.swift; sourceTree = "<group>"; };
		4F25E36228D1A43D00E138AB /* CategoryHome.swift */ = {isa = PBXFileReference; fileEncoding = 4; lastKnownFileType = sourcecode.swift; path = CategoryHome.swift; sourceTree = "<group>"; };
		4F25E36328D1A43D00E138AB /* CategoryRow.swift */ = {isa = PBXFileReference; fileEncoding = 4; lastKnownFileType = sourcecode.swift; path = CategoryRow.swift; sourceTree = "<group>"; };
		4F25E36428D1A43D00E138AB /* ContentView.swift */ = {isa = PBXFileReference; fileEncoding = 4; lastKnownFileType = sourcecode.swift; path = ContentView.swift; sourceTree = "<group>"; };
		4F25E36628D1A43D00E138AB /* MapView.swift */ = {isa = PBXFileReference; fileEncoding = 4; lastKnownFileType = sourcecode.swift; path = MapView.swift; sourceTree = "<group>"; };
		4F25E36728D1A43D00E138AB /* CircleImage.swift */ = {isa = PBXFileReference; fileEncoding = 4; lastKnownFileType = sourcecode.swift; path = CircleImage.swift; sourceTree = "<group>"; };
		4F25E36828D1A43D00E138AB /* FavoriteButton.swift */ = {isa = PBXFileReference; fileEncoding = 4; lastKnownFileType = sourcecode.swift; path = FavoriteButton.swift; sourceTree = "<group>"; };
		4F25E36A28D1A43D00E138AB /* RotatedBadgeSymbol.swift */ = {isa = PBXFileReference; fileEncoding = 4; lastKnownFileType = sourcecode.swift; path = RotatedBadgeSymbol.swift; sourceTree = "<group>"; };
		4F25E36B28D1A43D00E138AB /* HexagonParameters.swift */ = {isa = PBXFileReference; fileEncoding = 4; lastKnownFileType = sourcecode.swift; path = HexagonParameters.swift; sourceTree = "<group>"; };
		4F25E36C28D1A43D00E138AB /* BadgeSymbol.swift */ = {isa = PBXFileReference; fileEncoding = 4; lastKnownFileType = sourcecode.swift; path = BadgeSymbol.swift; sourceTree = "<group>"; };
		4F25E36D28D1A43D00E138AB /* BadgeBackground.swift */ = {isa = PBXFileReference; fileEncoding = 4; lastKnownFileType = sourcecode.swift; path = BadgeBackground.swift; sourceTree = "<group>"; };
		4F25E36E28D1A43D00E138AB /* Badge.swift */ = {isa = PBXFileReference; fileEncoding = 4; lastKnownFileType = sourcecode.swift; path = Badge.swift; sourceTree = "<group>"; };
		4F25E38828D1A81A00E138AB /* Profile.swift */ = {isa = PBXFileReference; lastKnownFileType = sourcecode.swift; path = Profile.swift; sourceTree = "<group>"; };
		4F25E38A28D1A8DA00E138AB /* ProfileHost.swift */ = {isa = PBXFileReference; lastKnownFileType = sourcecode.swift; path = ProfileHost.swift; sourceTree = "<group>"; };
		4F25E38D28D1A9A500E138AB /* ProfileSummary.swift */ = {isa = PBXFileReference; lastKnownFileType = sourcecode.swift; path = ProfileSummary.swift; sourceTree = "<group>"; };
		4F25E38F28D1AA6100E138AB /* HikeBadge.swift */ = {isa = PBXFileReference; lastKnownFileType = sourcecode.swift; path = HikeBadge.swift; sourceTree = "<group>"; };
/* End PBXFileReference section */

/* Begin PBXFrameworksBuildPhase section */
		4F25E31E28D1A42600E138AB /* Frameworks */ = {
			isa = PBXFrameworksBuildPhase;
			buildActionMask = 2147483647;
			files = (
			);
			runOnlyForDeploymentPostprocessing = 0;
		};
		4F25E32E28D1A42F00E138AB /* Frameworks */ = {
			isa = PBXFrameworksBuildPhase;
			buildActionMask = 2147483647;
			files = (
			);
			runOnlyForDeploymentPostprocessing = 0;
		};
		4F25E33828D1A42F00E138AB /* Frameworks */ = {
			isa = PBXFrameworksBuildPhase;
			buildActionMask = 2147483647;
			files = (
			);
			runOnlyForDeploymentPostprocessing = 0;
		};
/* End PBXFrameworksBuildPhase section */

/* Begin PBXGroup section */
		4F25E31828D1A42500E138AB = {
			isa = PBXGroup;
			children = (
				4F25E32328D1A42600E138AB /* WorkingWithUIControls */,
				4F25E33428D1A42F00E138AB /* WorkingWithUIControlsTests */,
				4F25E33E28D1A42F00E138AB /* WorkingWithUIControlsUITests */,
				4F25E32228D1A42600E138AB /* Products */,
			);
			sourceTree = "<group>";
		};
		4F25E32228D1A42600E138AB /* Products */ = {
			isa = PBXGroup;
			children = (
				4F25E32128D1A42600E138AB /* WorkingWithUIControls.app */,
				4F25E33128D1A42F00E138AB /* WorkingWithUIControlsTests.xctest */,
				4F25E33B28D1A42F00E138AB /* WorkingWithUIControlsUITests.xctest */,
			);
			name = Products;
			sourceTree = "<group>";
		};
		4F25E32328D1A42600E138AB /* WorkingWithUIControls */ = {
			isa = PBXGroup;
			children = (
				4F25E35228D1A43C00E138AB /* Assets.xcassets */,
				4F25E34E28D1A43500E138AB /* Model */,
				4F25E35328D1A43C00E138AB /* Resources */,
				4F25E35628D1A43D00E138AB /* Views */,
				4F25E32428D1A42600E138AB /* WorkingWithUIControlsApp.swift */,
				4F25E32A28D1A42F00E138AB /* Preview Content */,
			);
			path = WorkingWithUIControls;
			sourceTree = "<group>";
		};
		4F25E32A28D1A42F00E138AB /* Preview Content */ = {
			isa = PBXGroup;
			children = (
				4F25E32B28D1A42F00E138AB /* Preview Assets.xcassets */,
			);
			path = "Preview Content";
			sourceTree = "<group>";
		};
		4F25E33428D1A42F00E138AB /* WorkingWithUIControlsTests */ = {
			isa = PBXGroup;
			children = (
				4F25E33528D1A42F00E138AB /* WorkingWithUIControlsTests.swift */,
			);
			path = WorkingWithUIControlsTests;
			sourceTree = "<group>";
		};
		4F25E33E28D1A42F00E138AB /* WorkingWithUIControlsUITests */ = {
			isa = PBXGroup;
			children = (
				4F25E33F28D1A42F00E138AB /* WorkingWithUIControlsUITests.swift */,
				4F25E34128D1A42F00E138AB /* WorkingWithUIControlsUITestsLaunchTests.swift */,
			);
			path = WorkingWithUIControlsUITests;
			sourceTree = "<group>";
		};
		4F25E34E28D1A43500E138AB /* Model */ = {
			isa = PBXGroup;
			children = (
				4F25E34F28D1A43500E138AB /* Hike.swift */,
				4F25E38828D1A81A00E138AB /* Profile.swift */,
				4F25E35028D1A43500E138AB /* ModelData.swift */,
				4F25E35128D1A43500E138AB /* Landmark.swift */,
			);
			path = Model;
			sourceTree = "<group>";
		};
		4F25E35328D1A43C00E138AB /* Resources */ = {
			isa = PBXGroup;
			children = (
				4F25E35428D1A43C00E138AB /* hikeData.json */,
				4F25E35528D1A43C00E138AB /* landmarkData.json */,
			);
			path = Resources;
			sourceTree = "<group>";
		};
		4F25E35628D1A43D00E138AB /* Views */ = {
			isa = PBXGroup;
			children = (
				4F25E38C28D1A98F00E138AB /* Profiiles */,
				4F25E35728D1A43D00E138AB /* Hikes */,
				4F25E35C28D1A43D00E138AB /* Landmarks */,
				4F25E36028D1A43D00E138AB /* Categories */,
				4F25E36428D1A43D00E138AB /* ContentView.swift */,
				4F25E36528D1A43D00E138AB /* Helpers */,
				4F25E36928D1A43D00E138AB /* Badges */,
			);
			path = Views;
			sourceTree = "<group>";
		};
		4F25E35728D1A43D00E138AB /* Hikes */ = {
			isa = PBXGroup;
			children = (
				4F25E35828D1A43D00E138AB /* GraphCapsule.swift */,
				4F25E35928D1A43D00E138AB /* HikeGraph.swift */,
				4F25E35A28D1A43D00E138AB /* HikeDetail.swift */,
				4F25E35B28D1A43D00E138AB /* HikeView.swift */,
				4F25E38F28D1AA6100E138AB /* HikeBadge.swift */,
			);
			path = Hikes;
			sourceTree = "<group>";
		};
		4F25E35C28D1A43D00E138AB /* Landmarks */ = {
			isa = PBXGroup;
			children = (
				4F25E35D28D1A43D00E138AB /* LandmarkList.swift */,
				4F25E35E28D1A43D00E138AB /* LandmarkDetail.swift */,
				4F25E35F28D1A43D00E138AB /* LandmarkRow.swift */,
			);
			path = Landmarks;
			sourceTree = "<group>";
		};
		4F25E36028D1A43D00E138AB /* Categories */ = {
			isa = PBXGroup;
			children = (
				4F25E36128D1A43D00E138AB /* CategoryItem.swift */,
				4F25E36228D1A43D00E138AB /* CategoryHome.swift */,
				4F25E36328D1A43D00E138AB /* CategoryRow.swift */,
			);
			path = Categories;
			sourceTree = "<group>";
		};
		4F25E36528D1A43D00E138AB /* Helpers */ = {
			isa = PBXGroup;
			children = (
				4F25E36628D1A43D00E138AB /* MapView.swift */,
				4F25E36728D1A43D00E138AB /* CircleImage.swift */,
				4F25E36828D1A43D00E138AB /* FavoriteButton.swift */,
			);
			path = Helpers;
			sourceTree = "<group>";
		};
		4F25E36928D1A43D00E138AB /* Badges */ = {
			isa = PBXGroup;
			children = (
				4F25E36A28D1A43D00E138AB /* RotatedBadgeSymbol.swift */,
				4F25E36B28D1A43D00E138AB /* HexagonParameters.swift */,
				4F25E36C28D1A43D00E138AB /* BadgeSymbol.swift */,
				4F25E36D28D1A43D00E138AB /* BadgeBackground.swift */,
				4F25E36E28D1A43D00E138AB /* Badge.swift */,
			);
			path = Badges;
			sourceTree = "<group>";
		};
		4F25E38C28D1A98F00E138AB /* Profiiles */ = {
			isa = PBXGroup;
			children = (
				4F25E38A28D1A8DA00E138AB /* ProfileHost.swift */,
				4F25E38D28D1A9A500E138AB /* ProfileSummary.swift */,
				4F02621728D1B77B00138CDA /* ProfileEditor.swift */,
			);
			path = Profiiles;
			sourceTree = "<group>";
		};
/* End PBXGroup section */

/* Begin PBXNativeTarget section */
		4F25E32028D1A42600E138AB /* WorkingWithUIControls */ = {
			isa = PBXNativeTarget;
			buildConfigurationList = 4F25E34528D1A42F00E138AB /* Build configuration list for PBXNativeTarget "WorkingWithUIControls" */;
			buildPhases = (
				4F25E31D28D1A42600E138AB /* Sources */,
				4F25E31E28D1A42600E138AB /* Frameworks */,
				4F25E31F28D1A42600E138AB /* Resources */,
			);
			buildRules = (
			);
			dependencies = (
			);
			name = WorkingWithUIControls;
			productName = WorkingWithUIControls;
			productReference = 4F25E32128D1A42600E138AB /* WorkingWithUIControls.app */;
			productType = "com.apple.product-type.application";
		};
		4F25E33028D1A42F00E138AB /* WorkingWithUIControlsTests */ = {
			isa = PBXNativeTarget;
			buildConfigurationList = 4F25E34828D1A42F00E138AB /* Build configuration list for PBXNativeTarget "WorkingWithUIControlsTests" */;
			buildPhases = (
				4F25E32D28D1A42F00E138AB /* Sources */,
				4F25E32E28D1A42F00E138AB /* Frameworks */,
				4F25E32F28D1A42F00E138AB /* Resources */,
			);
			buildRules = (
			);
			dependencies = (
				4F25E33328D1A42F00E138AB /* PBXTargetDependency */,
			);
			name = WorkingWithUIControlsTests;
			productName = WorkingWithUIControlsTests;
			productReference = 4F25E33128D1A42F00E138AB /* WorkingWithUIControlsTests.xctest */;
			productType = "com.apple.product-type.bundle.unit-test";
		};
		4F25E33A28D1A42F00E138AB /* WorkingWithUIControlsUITests */ = {
			isa = PBXNativeTarget;
			buildConfigurationList = 4F25E34B28D1A42F00E138AB /* Build configuration list for PBXNativeTarget "WorkingWithUIControlsUITests" */;
			buildPhases = (
				4F25E33728D1A42F00E138AB /* Sources */,
				4F25E33828D1A42F00E138AB /* Frameworks */,
				4F25E33928D1A42F00E138AB /* Resources */,
			);
			buildRules = (
			);
			dependencies = (
				4F25E33D28D1A42F00E138AB /* PBXTargetDependency */,
			);
			name = WorkingWithUIControlsUITests;
			productName = WorkingWithUIControlsUITests;
			productReference = 4F25E33B28D1A42F00E138AB /* WorkingWithUIControlsUITests.xctest */;
			productType = "com.apple.product-type.bundle.ui-testing";
		};
/* End PBXNativeTarget section */

/* Begin PBXProject section */
		4F25E31928D1A42500E138AB /* Project object */ = {
			isa = PBXProject;
			attributes = {
				BuildIndependentTargetsInParallel = 1;
				LastSwiftUpdateCheck = 1340;
				LastUpgradeCheck = 1340;
				TargetAttributes = {
					4F25E32028D1A42600E138AB = {
						CreatedOnToolsVersion = 13.4.1;
					};
					4F25E33028D1A42F00E138AB = {
						CreatedOnToolsVersion = 13.4.1;
						TestTargetID = 4F25E32028D1A42600E138AB;
					};
					4F25E33A28D1A42F00E138AB = {
						CreatedOnToolsVersion = 13.4.1;
						TestTargetID = 4F25E32028D1A42600E138AB;
					};
				};
			};
			buildConfigurationList = 4F25E31C28D1A42500E138AB /* Build configuration list for PBXProject "WorkingWithUIControls" */;
			compatibilityVersion = "Xcode 13.0";
			developmentRegion = en;
			hasScannedForEncodings = 0;
			knownRegions = (
				en,
				Base,
			);
			mainGroup = 4F25E31828D1A42500E138AB;
			productRefGroup = 4F25E32228D1A42600E138AB /* Products */;
			projectDirPath = "";
			projectRoot = "";
			targets = (
				4F25E32028D1A42600E138AB /* WorkingWithUIControls */,
				4F25E33028D1A42F00E138AB /* WorkingWithUIControlsTests */,
				4F25E33A28D1A42F00E138AB /* WorkingWithUIControlsUITests */,
			);
		};
/* End PBXProject section */

/* Begin PBXResourcesBuildPhase section */
		4F25E31F28D1A42600E138AB /* Resources */ = {
			isa = PBXResourcesBuildPhase;
			buildActionMask = 2147483647;
			files = (
				4F25E37228D1A43E00E138AB /* Assets.xcassets in Resources */,
				4F25E37428D1A43E00E138AB /* landmarkData.json in Resources */,
				4F25E37328D1A43E00E138AB /* hikeData.json in Resources */,
				4F25E32C28D1A42F00E138AB /* Preview Assets.xcassets in Resources */,
			);
			runOnlyForDeploymentPostprocessing = 0;
		};
		4F25E32F28D1A42F00E138AB /* Resources */ = {
			isa = PBXResourcesBuildPhase;
			buildActionMask = 2147483647;
			files = (
			);
			runOnlyForDeploymentPostprocessing = 0;
		};
		4F25E33928D1A42F00E138AB /* Resources */ = {
			isa = PBXResourcesBuildPhase;
			buildActionMask = 2147483647;
			files = (
			);
			runOnlyForDeploymentPostprocessing = 0;
		};
/* End PBXResourcesBuildPhase section */

/* Begin PBXSourcesBuildPhase section */
		4F25E31D28D1A42600E138AB /* Sources */ = {
			isa = PBXSourcesBuildPhase;
			buildActionMask = 2147483647;
			files = (
				4F25E38428D1A43E00E138AB /* HexagonParameters.swift in Sources */,
				4F25E38928D1A81A00E138AB /* Profile.swift in Sources */,
				4F25E38728D1A43E00E138AB /* Badge.swift in Sources */,
				4F25E36F28D1A43D00E138AB /* Hike.swift in Sources */,
				4F25E38228D1A43E00E138AB /* FavoriteButton.swift in Sources */,
				4F25E37028D1A43D00E138AB /* ModelData.swift in Sources */,
				4F25E38328D1A43E00E138AB /* RotatedBadgeSymbol.swift in Sources */,
				4F25E38528D1A43E00E138AB /* BadgeSymbol.swift in Sources */,
				4F25E37F28D1A43E00E138AB /* ContentView.swift in Sources */,
				4F25E37B28D1A43E00E138AB /* LandmarkRow.swift in Sources */,
				4F25E37528D1A43E00E138AB /* GraphCapsule.swift in Sources */,
				4F25E38128D1A43E00E138AB /* CircleImage.swift in Sources */,
				4F25E38E28D1A9A500E138AB /* ProfileSummary.swift in Sources */,
				4F25E37828D1A43E00E138AB /* HikeView.swift in Sources */,
				4F25E38B28D1A8DA00E138AB /* ProfileHost.swift in Sources */,
				4F25E37628D1A43E00E138AB /* HikeGraph.swift in Sources */,
				4F25E37E28D1A43E00E138AB /* CategoryRow.swift in Sources */,
				4F25E38028D1A43E00E138AB /* MapView.swift in Sources */,
				4F02621828D1B77B00138CDA /* ProfileEditor.swift in Sources */,
				4F25E32528D1A42600E138AB /* WorkingWithUIControlsApp.swift in Sources */,
				4F25E37D28D1A43E00E138AB /* CategoryHome.swift in Sources */,
				4F25E38628D1A43E00E138AB /* BadgeBackground.swift in Sources */,
				4F25E37C28D1A43E00E138AB /* CategoryItem.swift in Sources */,
				4F25E39028D1AA6100E138AB /* HikeBadge.swift in Sources */,
				4F25E37128D1A43E00E138AB /* Landmark.swift in Sources */,
				4F25E37728D1A43E00E138AB /* HikeDetail.swift in Sources */,
				4F25E37928D1A43E00E138AB /* LandmarkList.swift in Sources */,
				4F25E37A28D1A43E00E138AB /* LandmarkDetail.swift in Sources */,
			);
			runOnlyForDeploymentPostprocessing = 0;
		};
		4F25E32D28D1A42F00E138AB /* Sources */ = {
			isa = PBXSourcesBuildPhase;
			buildActionMask = 2147483647;
			files = (
				4F25E33628D1A42F00E138AB /* WorkingWithUIControlsTests.swift in Sources */,
			);
			runOnlyForDeploymentPostprocessing = 0;
		};
		4F25E33728D1A42F00E138AB /* Sources */ = {
			isa = PBXSourcesBuildPhase;
			buildActionMask = 2147483647;
			files = (
				4F25E34228D1A42F00E138AB /* WorkingWithUIControlsUITestsLaunchTests.swift in Sources */,
				4F25E34028D1A42F00E138AB /* WorkingWithUIControlsUITests.swift in Sources */,
			);
			runOnlyForDeploymentPostprocessing = 0;
		};
/* End PBXSourcesBuildPhase section */

/* Begin PBXTargetDependency section */
		4F25E33328D1A42F00E138AB /* PBXTargetDependency */ = {
			isa = PBXTargetDependency;
			target = 4F25E32028D1A42600E138AB /* WorkingWithUIControls */;
			targetProxy = 4F25E33228D1A42F00E138AB /* PBXContainerItemProxy */;
		};
		4F25E33D28D1A42F00E138AB /* PBXTargetDependency */ = {
			isa = PBXTargetDependency;
			target = 4F25E32028D1A42600E138AB /* WorkingWithUIControls */;
			targetProxy = 4F25E33C28D1A42F00E138AB /* PBXContainerItemProxy */;
		};
/* End PBXTargetDependency section */

/* Begin XCBuildConfiguration section */
		4F25E34328D1A42F00E138AB /* Debug */ = {
			isa = XCBuildConfiguration;
			buildSettings = {
				ALWAYS_SEARCH_USER_PATHS = NO;
				CLANG_ANALYZER_NONNULL = YES;
				CLANG_ANALYZER_NUMBER_OBJECT_CONVERSION = YES_AGGRESSIVE;
				CLANG_CXX_LANGUAGE_STANDARD = "gnu++17";
				CLANG_ENABLE_MODULES = YES;
				CLANG_ENABLE_OBJC_ARC = YES;
				CLANG_ENABLE_OBJC_WEAK = YES;
				CLANG_WARN_BLOCK_CAPTURE_AUTORELEASING = YES;
				CLANG_WARN_BOOL_CONVERSION = YES;
				CLANG_WARN_COMMA = YES;
				CLANG_WARN_CONSTANT_CONVERSION = YES;
				CLANG_WARN_DEPRECATED_OBJC_IMPLEMENTATIONS = YES;
				CLANG_WARN_DIRECT_OBJC_ISA_USAGE = YES_ERROR;
				CLANG_WARN_DOCUMENTATION_COMMENTS = YES;
				CLANG_WARN_EMPTY_BODY = YES;
				CLANG_WARN_ENUM_CONVERSION = YES;
				CLANG_WARN_INFINITE_RECURSION = YES;
				CLANG_WARN_INT_CONVERSION = YES;
				CLANG_WARN_NON_LITERAL_NULL_CONVERSION = YES;
				CLANG_WARN_OBJC_IMPLICIT_RETAIN_SELF = YES;
				CLANG_WARN_OBJC_LITERAL_CONVERSION = YES;
				CLANG_WARN_OBJC_ROOT_CLASS = YES_ERROR;
				CLANG_WARN_QUOTED_INCLUDE_IN_FRAMEWORK_HEADER = YES;
				CLANG_WARN_RANGE_LOOP_ANALYSIS = YES;
				CLANG_WARN_STRICT_PROTOTYPES = YES;
				CLANG_WARN_SUSPICIOUS_MOVE = YES;
				CLANG_WARN_UNGUARDED_AVAILABILITY = YES_AGGRESSIVE;
				CLANG_WARN_UNREACHABLE_CODE = YES;
				CLANG_WARN__DUPLICATE_METHOD_MATCH = YES;
				COPY_PHASE_STRIP = NO;
				DEBUG_INFORMATION_FORMAT = dwarf;
				ENABLE_STRICT_OBJC_MSGSEND = YES;
				ENABLE_TESTABILITY = YES;
				GCC_C_LANGUAGE_STANDARD = gnu11;
				GCC_DYNAMIC_NO_PIC = NO;
				GCC_NO_COMMON_BLOCKS = YES;
				GCC_OPTIMIZATION_LEVEL = 0;
				GCC_PREPROCESSOR_DEFINITIONS = (
					"DEBUG=1",
					"$(inherited)",
				);
				GCC_WARN_64_TO_32_BIT_CONVERSION = YES;
				GCC_WARN_ABOUT_RETURN_TYPE = YES_ERROR;
				GCC_WARN_UNDECLARED_SELECTOR = YES;
				GCC_WARN_UNINITIALIZED_AUTOS = YES_AGGRESSIVE;
				GCC_WARN_UNUSED_FUNCTION = YES;
				GCC_WARN_UNUSED_VARIABLE = YES;
				IPHONEOS_DEPLOYMENT_TARGET = 15.5;
				MTL_ENABLE_DEBUG_INFO = INCLUDE_SOURCE;
				MTL_FAST_MATH = YES;
				ONLY_ACTIVE_ARCH = YES;
				SDKROOT = iphoneos;
				SWIFT_ACTIVE_COMPILATION_CONDITIONS = DEBUG;
				SWIFT_OPTIMIZATION_LEVEL = "-Onone";
			};
			name = Debug;
		};
		4F25E34428D1A42F00E138AB /* Release */ = {
			isa = XCBuildConfiguration;
			buildSettings = {
				ALWAYS_SEARCH_USER_PATHS = NO;
				CLANG_ANALYZER_NONNULL = YES;
				CLANG_ANALYZER_NUMBER_OBJECT_CONVERSION = YES_AGGRESSIVE;
				CLANG_CXX_LANGUAGE_STANDARD = "gnu++17";
				CLANG_ENABLE_MODULES = YES;
				CLANG_ENABLE_OBJC_ARC = YES;
				CLANG_ENABLE_OBJC_WEAK = YES;
				CLANG_WARN_BLOCK_CAPTURE_AUTORELEASING = YES;
				CLANG_WARN_BOOL_CONVERSION = YES;
				CLANG_WARN_COMMA = YES;
				CLANG_WARN_CONSTANT_CONVERSION = YES;
				CLANG_WARN_DEPRECATED_OBJC_IMPLEMENTATIONS = YES;
				CLANG_WARN_DIRECT_OBJC_ISA_USAGE = YES_ERROR;
				CLANG_WARN_DOCUMENTATION_COMMENTS = YES;
				CLANG_WARN_EMPTY_BODY = YES;
				CLANG_WARN_ENUM_CONVERSION = YES;
				CLANG_WARN_INFINITE_RECURSION = YES;
				CLANG_WARN_INT_CONVERSION = YES;
				CLANG_WARN_NON_LITERAL_NULL_CONVERSION = YES;
				CLANG_WARN_OBJC_IMPLICIT_RETAIN_SELF = YES;
				CLANG_WARN_OBJC_LITERAL_CONVERSION = YES;
				CLANG_WARN_OBJC_ROOT_CLASS = YES_ERROR;
				CLANG_WARN_QUOTED_INCLUDE_IN_FRAMEWORK_HEADER = YES;
				CLANG_WARN_RANGE_LOOP_ANALYSIS = YES;
				CLANG_WARN_STRICT_PROTOTYPES = YES;
				CLANG_WARN_SUSPICIOUS_MOVE = YES;
				CLANG_WARN_UNGUARDED_AVAILABILITY = YES_AGGRESSIVE;
				CLANG_WARN_UNREACHABLE_CODE = YES;
				CLANG_WARN__DUPLICATE_METHOD_MATCH = YES;
				COPY_PHASE_STRIP = NO;
				DEBUG_INFORMATION_FORMAT = "dwarf-with-dsym";
				ENABLE_NS_ASSERTIONS = NO;
				ENABLE_STRICT_OBJC_MSGSEND = YES;
				GCC_C_LANGUAGE_STANDARD = gnu11;
				GCC_NO_COMMON_BLOCKS = YES;
				GCC_WARN_64_TO_32_BIT_CONVERSION = YES;
				GCC_WARN_ABOUT_RETURN_TYPE = YES_ERROR;
				GCC_WARN_UNDECLARED_SELECTOR = YES;
				GCC_WARN_UNINITIALIZED_AUTOS = YES_AGGRESSIVE;
				GCC_WARN_UNUSED_FUNCTION = YES;
				GCC_WARN_UNUSED_VARIABLE = YES;
				IPHONEOS_DEPLOYMENT_TARGET = 15.5;
				MTL_ENABLE_DEBUG_INFO = NO;
				MTL_FAST_MATH = YES;
				SDKROOT = iphoneos;
				SWIFT_COMPILATION_MODE = wholemodule;
				SWIFT_OPTIMIZATION_LEVEL = "-O";
				VALIDATE_PRODUCT = YES;
			};
			name = Release;
		};
		4F25E34628D1A42F00E138AB /* Debug */ = {
			isa = XCBuildConfiguration;
			buildSettings = {
				ASSETCATALOG_COMPILER_APPICON_NAME = AppIcon;
				ASSETCATALOG_COMPILER_GLOBAL_ACCENT_COLOR_NAME = AccentColor;
				CODE_SIGN_STYLE = Automatic;
				CURRENT_PROJECT_VERSION = 1;
				DEVELOPMENT_ASSET_PATHS = "\"WorkingWithUIControls/Preview Content\"";
				DEVELOPMENT_TEAM = 2H7EM56K2Z;
				ENABLE_PREVIEWS = YES;
				GENERATE_INFOPLIST_FILE = YES;
				INFOPLIST_KEY_UIApplicationSceneManifest_Generation = YES;
				INFOPLIST_KEY_UIApplicationSupportsIndirectInputEvents = YES;
				INFOPLIST_KEY_UILaunchScreen_Generation = YES;
				INFOPLIST_KEY_UISupportedInterfaceOrientations_iPad = "UIInterfaceOrientationPortrait UIInterfaceOrientationPortraitUpsideDown UIInterfaceOrientationLandscapeLeft UIInterfaceOrientationLandscapeRight";
				INFOPLIST_KEY_UISupportedInterfaceOrientations_iPhone = "UIInterfaceOrientationPortrait UIInterfaceOrientationLandscapeLeft UIInterfaceOrientationLandscapeRight";
				LD_RUNPATH_SEARCH_PATHS = (
					"$(inherited)",
					"@executable_path/Frameworks",
				);
				MARKETING_VERSION = 1.0;
				PRODUCT_BUNDLE_IDENTIFIER = com.leeyuno.WorkingWithUIControls;
				PRODUCT_NAME = "$(TARGET_NAME)";
				SWIFT_EMIT_LOC_STRINGS = YES;
				SWIFT_VERSION = 5.0;
				TARGETED_DEVICE_FAMILY = "1,2";
			};
			name = Debug;
		};
		4F25E34728D1A42F00E138AB /* Release */ = {
			isa = XCBuildConfiguration;
			buildSettings = {
				ASSETCATALOG_COMPILER_APPICON_NAME = AppIcon;
				ASSETCATALOG_COMPILER_GLOBAL_ACCENT_COLOR_NAME = AccentColor;
				CODE_SIGN_STYLE = Automatic;
				CURRENT_PROJECT_VERSION = 1;
				DEVELOPMENT_ASSET_PATHS = "\"WorkingWithUIControls/Preview Content\"";
				DEVELOPMENT_TEAM = 2H7EM56K2Z;
				ENABLE_PREVIEWS = YES;
				GENERATE_INFOPLIST_FILE = YES;
				INFOPLIST_KEY_UIApplicationSceneManifest_Generation = YES;
				INFOPLIST_KEY_UIApplicationSupportsIndirectInputEvents = YES;
				INFOPLIST_KEY_UILaunchScreen_Generation = YES;
				INFOPLIST_KEY_UISupportedInterfaceOrientations_iPad = "UIInterfaceOrientationPortrait UIInterfaceOrientationPortraitUpsideDown UIInterfaceOrientationLandscapeLeft UIInterfaceOrientationLandscapeRight";
				INFOPLIST_KEY_UISupportedInterfaceOrientations_iPhone = "UIInterfaceOrientationPortrait UIInterfaceOrientationLandscapeLeft UIInterfaceOrientationLandscapeRight";
				LD_RUNPATH_SEARCH_PATHS = (
					"$(inherited)",
					"@executable_path/Frameworks",
				);
				MARKETING_VERSION = 1.0;
				PRODUCT_BUNDLE_IDENTIFIER = com.leeyuno.WorkingWithUIControls;
				PRODUCT_NAME = "$(TARGET_NAME)";
				SWIFT_EMIT_LOC_STRINGS = YES;
				SWIFT_VERSION = 5.0;
				TARGETED_DEVICE_FAMILY = "1,2";
			};
			name = Release;
		};
		4F25E34928D1A42F00E138AB /* Debug */ = {
			isa = XCBuildConfiguration;
			buildSettings = {
				ALWAYS_EMBED_SWIFT_STANDARD_LIBRARIES = YES;
				BUNDLE_LOADER = "$(TEST_HOST)";
				CODE_SIGN_STYLE = Automatic;
				CURRENT_PROJECT_VERSION = 1;
				DEVELOPMENT_TEAM = 2H7EM56K2Z;
				GENERATE_INFOPLIST_FILE = YES;
				IPHONEOS_DEPLOYMENT_TARGET = 15.5;
				MARKETING_VERSION = 1.0;
				PRODUCT_BUNDLE_IDENTIFIER = com.leeyuno.WorkingWithUIControlsTests;
				PRODUCT_NAME = "$(TARGET_NAME)";
				SWIFT_EMIT_LOC_STRINGS = NO;
				SWIFT_VERSION = 5.0;
				TARGETED_DEVICE_FAMILY = "1,2";
				TEST_HOST = "$(BUILT_PRODUCTS_DIR)/WorkingWithUIControls.app/WorkingWithUIControls";
			};
			name = Debug;
		};
		4F25E34A28D1A42F00E138AB /* Release */ = {
			isa = XCBuildConfiguration;
			buildSettings = {
				ALWAYS_EMBED_SWIFT_STANDARD_LIBRARIES = YES;
				BUNDLE_LOADER = "$(TEST_HOST)";
				CODE_SIGN_STYLE = Automatic;
				CURRENT_PROJECT_VERSION = 1;
				DEVELOPMENT_TEAM = 2H7EM56K2Z;
				GENERATE_INFOPLIST_FILE = YES;
				IPHONEOS_DEPLOYMENT_TARGET = 15.5;
				MARKETING_VERSION = 1.0;
				PRODUCT_BUNDLE_IDENTIFIER = com.leeyuno.WorkingWithUIControlsTests;
				PRODUCT_NAME = "$(TARGET_NAME)";
				SWIFT_EMIT_LOC_STRINGS = NO;
				SWIFT_VERSION = 5.0;
				TARGETED_DEVICE_FAMILY = "1,2";
				TEST_HOST = "$(BUILT_PRODUCTS_DIR)/WorkingWithUIControls.app/WorkingWithUIControls";
			};
			name = Release;
		};
		4F25E34C28D1A42F00E138AB /* Debug */ = {
			isa = XCBuildConfiguration;
			buildSettings = {
				ALWAYS_EMBED_SWIFT_STANDARD_LIBRARIES = YES;
				CODE_SIGN_STYLE = Automatic;
				CURRENT_PROJECT_VERSION = 1;
				DEVELOPMENT_TEAM = 2H7EM56K2Z;
				GENERATE_INFOPLIST_FILE = YES;
				MARKETING_VERSION = 1.0;
				PRODUCT_BUNDLE_IDENTIFIER = com.leeyuno.WorkingWithUIControlsUITests;
				PRODUCT_NAME = "$(TARGET_NAME)";
				SWIFT_EMIT_LOC_STRINGS = NO;
				SWIFT_VERSION = 5.0;
				TARGETED_DEVICE_FAMILY = "1,2";
				TEST_TARGET_NAME = WorkingWithUIControls;
			};
			name = Debug;
		};
		4F25E34D28D1A42F00E138AB /* Release */ = {
			isa = XCBuildConfiguration;
			buildSettings = {
				ALWAYS_EMBED_SWIFT_STANDARD_LIBRARIES = YES;
				CODE_SIGN_STYLE = Automatic;
				CURRENT_PROJECT_VERSION = 1;
				DEVELOPMENT_TEAM = 2H7EM56K2Z;
				GENERATE_INFOPLIST_FILE = YES;
				MARKETING_VERSION = 1.0;
				PRODUCT_BUNDLE_IDENTIFIER = com.leeyuno.WorkingWithUIControlsUITests;
				PRODUCT_NAME = "$(TARGET_NAME)";
				SWIFT_EMIT_LOC_STRINGS = NO;
				SWIFT_VERSION = 5.0;
				TARGETED_DEVICE_FAMILY = "1,2";
				TEST_TARGET_NAME = WorkingWithUIControls;
			};
			name = Release;
		};
/* End XCBuildConfiguration section */

/* Begin XCConfigurationList section */
		4F25E31C28D1A42500E138AB /* Build configuration list for PBXProject "WorkingWithUIControls" */ = {
			isa = XCConfigurationList;
			buildConfigurations = (
				4F25E34328D1A42F00E138AB /* Debug */,
				4F25E34428D1A42F00E138AB /* Release */,
			);
			defaultConfigurationIsVisible = 0;
			defaultConfigurationName = Release;
		};
		4F25E34528D1A42F00E138AB /* Build configuration list for PBXNativeTarget "WorkingWithUIControls" */ = {
			isa = XCConfigurationList;
			buildConfigurations = (
				4F25E34628D1A42F00E138AB /* Debug */,
				4F25E34728D1A42F00E138AB /* Release */,
			);
			defaultConfigurationIsVisible = 0;
			defaultConfigurationName = Release;
		};
		4F25E34828D1A42F00E138AB /* Build configuration list for PBXNativeTarget "WorkingWithUIControlsTests" */ = {
			isa = XCConfigurationList;
			buildConfigurations = (
				4F25E34928D1A42F00E138AB /* Debug */,
				4F25E34A28D1A42F00E138AB /* Release */,
			);
			defaultConfigurationIsVisible = 0;
			defaultConfigurationName = Release;
		};
		4F25E34B28D1A42F00E138AB /* Build configuration list for PBXNativeTarget "WorkingWithUIControlsUITests" */ = {
			isa = XCConfigurationList;
			buildConfigurations = (
				4F25E34C28D1A42F00E138AB /* Debug */,
				4F25E34D28D1A42F00E138AB /* Release */,
			);
			defaultConfigurationIsVisible = 0;
			defaultConfigurationName = Release;
		};
/* End XCConfigurationList section */
	};
	rootObject = 4F25E31928D1A42500E138AB /* Project object */;
}
