// !$*UTF8*$!
{
	archiveVersion = 1;
	classes = {
	};
	objectVersion = 55;
	objects = {

/* Begin PBXBuildFile section */
		4F6A952228C9C9D800017AC4 /* HandlingUserInputApp.swift in Sources */ = {isa = PBXBuildFile; fileRef = 4F6A952128C9C9D800017AC4 /* HandlingUserInputApp.swift */; };
		4F6A952928C9C9E000017AC4 /* Preview Assets.xcassets in Resources */ = {isa = PBXBuildFile; fileRef = 4F6A952828C9C9E000017AC4 /* Preview Assets.xcassets */; };
		4F6A953328C9C9E100017AC4 /* HandlingUserInputTests.swift in Sources */ = {isa = PBXBuildFile; fileRef = 4F6A953228C9C9E100017AC4 /* HandlingUserInputTests.swift */; };
		4F6A953D28C9C9E100017AC4 /* HandlingUserInputUITests.swift in Sources */ = {isa = PBXBuildFile; fileRef = 4F6A953C28C9C9E100017AC4 /* HandlingUserInputUITests.swift */; };
		4F6A953F28C9C9E100017AC4 /* HandlingUserInputUITestsLaunchTests.swift in Sources */ = {isa = PBXBuildFile; fileRef = 4F6A953E28C9C9E100017AC4 /* HandlingUserInputUITestsLaunchTests.swift */; };
		4F6A954F28C9C9F700017AC4 /* Assets.xcassets in Resources */ = {isa = PBXBuildFile; fileRef = 4F6A954B28C9C9F400017AC4 /* Assets.xcassets */; };
		4F6A955028C9C9F700017AC4 /* Resources in Resources */ = {isa = PBXBuildFile; fileRef = 4F6A954C28C9C9F500017AC4 /* Resources */; };
		4F6A955128C9C9F700017AC4 /* Model in Resources */ = {isa = PBXBuildFile; fileRef = 4F6A954D28C9C9F700017AC4 /* Model */; };
		4F6A955228C9C9F700017AC4 /* Views in Resources */ = {isa = PBXBuildFile; fileRef = 4F6A954E28C9C9F700017AC4 /* Views */; };
/* End PBXBuildFile section */

/* Begin PBXContainerItemProxy section */
		4F6A952F28C9C9E100017AC4 /* PBXContainerItemProxy */ = {
			isa = PBXContainerItemProxy;
			containerPortal = 4F6A951628C9C9D800017AC4 /* Project object */;
			proxyType = 1;
			remoteGlobalIDString = 4F6A951D28C9C9D800017AC4;
			remoteInfo = HandlingUserInput;
		};
		4F6A953928C9C9E100017AC4 /* PBXContainerItemProxy */ = {
			isa = PBXContainerItemProxy;
			containerPortal = 4F6A951628C9C9D800017AC4 /* Project object */;
			proxyType = 1;
			remoteGlobalIDString = 4F6A951D28C9C9D800017AC4;
			remoteInfo = HandlingUserInput;
		};
/* End PBXContainerItemProxy section */

/* Begin PBXFileReference section */
		4F6A951E28C9C9D800017AC4 /* HandlingUserInput.app */ = {isa = PBXFileReference; explicitFileType = wrapper.application; includeInIndex = 0; path = HandlingUserInput.app; sourceTree = BUILT_PRODUCTS_DIR; };
		4F6A952128C9C9D800017AC4 /* HandlingUserInputApp.swift */ = {isa = PBXFileReference; lastKnownFileType = sourcecode.swift; path = HandlingUserInputApp.swift; sourceTree = "<group>"; };
		4F6A952828C9C9E000017AC4 /* Preview Assets.xcassets */ = {isa = PBXFileReference; lastKnownFileType = folder.assetcatalog; path = "Preview Assets.xcassets"; sourceTree = "<group>"; };
		4F6A952E28C9C9E100017AC4 /* HandlingUserInputTests.xctest */ = {isa = PBXFileReference; explicitFileType = wrapper.cfbundle; includeInIndex = 0; path = HandlingUserInputTests.xctest; sourceTree = BUILT_PRODUCTS_DIR; };
		4F6A953228C9C9E100017AC4 /* HandlingUserInputTests.swift */ = {isa = PBXFileReference; lastKnownFileType = sourcecode.swift; path = HandlingUserInputTests.swift; sourceTree = "<group>"; };
		4F6A953828C9C9E100017AC4 /* HandlingUserInputUITests.xctest */ = {isa = PBXFileReference; explicitFileType = wrapper.cfbundle; includeInIndex = 0; path = HandlingUserInputUITests.xctest; sourceTree = BUILT_PRODUCTS_DIR; };
		4F6A953C28C9C9E100017AC4 /* HandlingUserInputUITests.swift */ = {isa = PBXFileReference; lastKnownFileType = sourcecode.swift; path = HandlingUserInputUITests.swift; sourceTree = "<group>"; };
		4F6A953E28C9C9E100017AC4 /* HandlingUserInputUITestsLaunchTests.swift */ = {isa = PBXFileReference; lastKnownFileType = sourcecode.swift; path = HandlingUserInputUITestsLaunchTests.swift; sourceTree = "<group>"; };
		4F6A954B28C9C9F400017AC4 /* Assets.xcassets */ = {isa = PBXFileReference; lastKnownFileType = folder.assetcatalog; path = Assets.xcassets; sourceTree = "<group>"; };
		4F6A954C28C9C9F500017AC4 /* Resources */ = {isa = PBXFileReference; lastKnownFileType = folder; path = Resources; sourceTree = "<group>"; };
		4F6A954D28C9C9F700017AC4 /* Model */ = {isa = PBXFileReference; lastKnownFileType = folder; path = Model; sourceTree = "<group>"; };
		4F6A954E28C9C9F700017AC4 /* Views */ = {isa = PBXFileReference; lastKnownFileType = folder; path = Views; sourceTree = "<group>"; };
/* End PBXFileReference section */

/* Begin PBXFrameworksBuildPhase section */
		4F6A951B28C9C9D800017AC4 /* Frameworks */ = {
			isa = PBXFrameworksBuildPhase;
			buildActionMask = 2147483647;
			files = (
			);
			runOnlyForDeploymentPostprocessing = 0;
		};
		4F6A952B28C9C9E100017AC4 /* Frameworks */ = {
			isa = PBXFrameworksBuildPhase;
			buildActionMask = 2147483647;
			files = (
			);
			runOnlyForDeploymentPostprocessing = 0;
		};
		4F6A953528C9C9E100017AC4 /* Frameworks */ = {
			isa = PBXFrameworksBuildPhase;
			buildActionMask = 2147483647;
			files = (
			);
			runOnlyForDeploymentPostprocessing = 0;
		};
/* End PBXFrameworksBuildPhase section */

/* Begin PBXGroup section */
		4F6A951528C9C9D800017AC4 = {
			isa = PBXGroup;
			children = (
				4F6A952028C9C9D800017AC4 /* HandlingUserInput */,
				4F6A953128C9C9E100017AC4 /* HandlingUserInputTests */,
				4F6A953B28C9C9E100017AC4 /* HandlingUserInputUITests */,
				4F6A951F28C9C9D800017AC4 /* Products */,
			);
			sourceTree = "<group>";
		};
		4F6A951F28C9C9D800017AC4 /* Products */ = {
			isa = PBXGroup;
			children = (
				4F6A951E28C9C9D800017AC4 /* HandlingUserInput.app */,
				4F6A952E28C9C9E100017AC4 /* HandlingUserInputTests.xctest */,
				4F6A953828C9C9E100017AC4 /* HandlingUserInputUITests.xctest */,
			);
			name = Products;
			sourceTree = "<group>";
		};
		4F6A952028C9C9D800017AC4 /* HandlingUserInput */ = {
			isa = PBXGroup;
			children = (
				4F6A954B28C9C9F400017AC4 /* Assets.xcassets */,
				4F6A954D28C9C9F700017AC4 /* Model */,
				4F6A954C28C9C9F500017AC4 /* Resources */,
				4F6A954E28C9C9F700017AC4 /* Views */,
				4F6A952128C9C9D800017AC4 /* HandlingUserInputApp.swift */,
				4F6A952728C9C9E000017AC4 /* Preview Content */,
			);
			path = HandlingUserInput;
			sourceTree = "<group>";
		};
		4F6A952728C9C9E000017AC4 /* Preview Content */ = {
			isa = PBXGroup;
			children = (
				4F6A952828C9C9E000017AC4 /* Preview Assets.xcassets */,
			);
			path = "Preview Content";
			sourceTree = "<group>";
		};
		4F6A953128C9C9E100017AC4 /* HandlingUserInputTests */ = {
			isa = PBXGroup;
			children = (
				4F6A953228C9C9E100017AC4 /* HandlingUserInputTests.swift */,
			);
			path = HandlingUserInputTests;
			sourceTree = "<group>";
		};
		4F6A953B28C9C9E100017AC4 /* HandlingUserInputUITests */ = {
			isa = PBXGroup;
			children = (
				4F6A953C28C9C9E100017AC4 /* HandlingUserInputUITests.swift */,
				4F6A953E28C9C9E100017AC4 /* HandlingUserInputUITestsLaunchTests.swift */,
			);
			path = HandlingUserInputUITests;
			sourceTree = "<group>";
		};
/* End PBXGroup section */

/* Begin PBXNativeTarget section */
		4F6A951D28C9C9D800017AC4 /* HandlingUserInput */ = {
			isa = PBXNativeTarget;
			buildConfigurationList = 4F6A954228C9C9E100017AC4 /* Build configuration list for PBXNativeTarget "HandlingUserInput" */;
			buildPhases = (
				4F6A951A28C9C9D800017AC4 /* Sources */,
				4F6A951B28C9C9D800017AC4 /* Frameworks */,
				4F6A951C28C9C9D800017AC4 /* Resources */,
			);
			buildRules = (
			);
			dependencies = (
			);
			name = HandlingUserInput;
			productName = HandlingUserInput;
			productReference = 4F6A951E28C9C9D800017AC4 /* HandlingUserInput.app */;
			productType = "com.apple.product-type.application";
		};
		4F6A952D28C9C9E100017AC4 /* HandlingUserInputTests */ = {
			isa = PBXNativeTarget;
			buildConfigurationList = 4F6A954528C9C9E100017AC4 /* Build configuration list for PBXNativeTarget "HandlingUserInputTests" */;
			buildPhases = (
				4F6A952A28C9C9E100017AC4 /* Sources */,
				4F6A952B28C9C9E100017AC4 /* Frameworks */,
				4F6A952C28C9C9E100017AC4 /* Resources */,
			);
			buildRules = (
			);
			dependencies = (
				4F6A953028C9C9E100017AC4 /* PBXTargetDependency */,
			);
			name = HandlingUserInputTests;
			productName = HandlingUserInputTests;
			productReference = 4F6A952E28C9C9E100017AC4 /* HandlingUserInputTests.xctest */;
			productType = "com.apple.product-type.bundle.unit-test";
		};
		4F6A953728C9C9E100017AC4 /* HandlingUserInputUITests */ = {
			isa = PBXNativeTarget;
			buildConfigurationList = 4F6A954828C9C9E100017AC4 /* Build configuration list for PBXNativeTarget "HandlingUserInputUITests" */;
			buildPhases = (
				4F6A953428C9C9E100017AC4 /* Sources */,
				4F6A953528C9C9E100017AC4 /* Frameworks */,
				4F6A953628C9C9E100017AC4 /* Resources */,
			);
			buildRules = (
			);
			dependencies = (
				4F6A953A28C9C9E100017AC4 /* PBXTargetDependency */,
			);
			name = HandlingUserInputUITests;
			productName = HandlingUserInputUITests;
			productReference = 4F6A953828C9C9E100017AC4 /* HandlingUserInputUITests.xctest */;
			productType = "com.apple.product-type.bundle.ui-testing";
		};
/* End PBXNativeTarget section */

/* Begin PBXProject section */
		4F6A951628C9C9D800017AC4 /* Project object */ = {
			isa = PBXProject;
			attributes = {
				BuildIndependentTargetsInParallel = 1;
				LastSwiftUpdateCheck = 1340;
				LastUpgradeCheck = 1340;
				TargetAttributes = {
					4F6A951D28C9C9D800017AC4 = {
						CreatedOnToolsVersion = 13.4.1;
					};
					4F6A952D28C9C9E100017AC4 = {
						CreatedOnToolsVersion = 13.4.1;
						TestTargetID = 4F6A951D28C9C9D800017AC4;
					};
					4F6A953728C9C9E100017AC4 = {
						CreatedOnToolsVersion = 13.4.1;
						TestTargetID = 4F6A951D28C9C9D800017AC4;
					};
				};
			};
			buildConfigurationList = 4F6A951928C9C9D800017AC4 /* Build configuration list for PBXProject "HandlingUserInput" */;
			compatibilityVersion = "Xcode 13.0";
			developmentRegion = en;
			hasScannedForEncodings = 0;
			knownRegions = (
				en,
				Base,
			);
			mainGroup = 4F6A951528C9C9D800017AC4;
			productRefGroup = 4F6A951F28C9C9D800017AC4 /* Products */;
			projectDirPath = "";
			projectRoot = "";
			targets = (
				4F6A951D28C9C9D800017AC4 /* HandlingUserInput */,
				4F6A952D28C9C9E100017AC4 /* HandlingUserInputTests */,
				4F6A953728C9C9E100017AC4 /* HandlingUserInputUITests */,
			);
		};
/* End PBXProject section */

/* Begin PBXResourcesBuildPhase section */
		4F6A951C28C9C9D800017AC4 /* Resources */ = {
			isa = PBXResourcesBuildPhase;
			buildActionMask = 2147483647;
			files = (
				4F6A954F28C9C9F700017AC4 /* Assets.xcassets in Resources */,
				4F6A952928C9C9E000017AC4 /* Preview Assets.xcassets in Resources */,
				4F6A955128C9C9F700017AC4 /* Model in Resources */,
				4F6A955028C9C9F700017AC4 /* Resources in Resources */,
				4F6A955228C9C9F700017AC4 /* Views in Resources */,
			);
			runOnlyForDeploymentPostprocessing = 0;
		};
		4F6A952C28C9C9E100017AC4 /* Resources */ = {
			isa = PBXResourcesBuildPhase;
			buildActionMask = 2147483647;
			files = (
			);
			runOnlyForDeploymentPostprocessing = 0;
		};
		4F6A953628C9C9E100017AC4 /* Resources */ = {
			isa = PBXResourcesBuildPhase;
			buildActionMask = 2147483647;
			files = (
			);
			runOnlyForDeploymentPostprocessing = 0;
		};
/* End PBXResourcesBuildPhase section */

/* Begin PBXSourcesBuildPhase section */
		4F6A951A28C9C9D800017AC4 /* Sources */ = {
			isa = PBXSourcesBuildPhase;
			buildActionMask = 2147483647;
			files = (
				4F6A952228C9C9D800017AC4 /* HandlingUserInputApp.swift in Sources */,
			);
			runOnlyForDeploymentPostprocessing = 0;
		};
		4F6A952A28C9C9E100017AC4 /* Sources */ = {
			isa = PBXSourcesBuildPhase;
			buildActionMask = 2147483647;
			files = (
				4F6A953328C9C9E100017AC4 /* HandlingUserInputTests.swift in Sources */,
			);
			runOnlyForDeploymentPostprocessing = 0;
		};
		4F6A953428C9C9E100017AC4 /* Sources */ = {
			isa = PBXSourcesBuildPhase;
			buildActionMask = 2147483647;
			files = (
				4F6A953D28C9C9E100017AC4 /* HandlingUserInputUITests.swift in Sources */,
				4F6A953F28C9C9E100017AC4 /* HandlingUserInputUITestsLaunchTests.swift in Sources */,
			);
			runOnlyForDeploymentPostprocessing = 0;
		};
/* End PBXSourcesBuildPhase section */

/* Begin PBXTargetDependency section */
		4F6A953028C9C9E100017AC4 /* PBXTargetDependency */ = {
			isa = PBXTargetDependency;
			target = 4F6A951D28C9C9D800017AC4 /* HandlingUserInput */;
			targetProxy = 4F6A952F28C9C9E100017AC4 /* PBXContainerItemProxy */;
		};
		4F6A953A28C9C9E100017AC4 /* PBXTargetDependency */ = {
			isa = PBXTargetDependency;
			target = 4F6A951D28C9C9D800017AC4 /* HandlingUserInput */;
			targetProxy = 4F6A953928C9C9E100017AC4 /* PBXContainerItemProxy */;
		};
/* End PBXTargetDependency section */

/* Begin XCBuildConfiguration section */
		4F6A954028C9C9E100017AC4 /* Debug */ = {
			isa = XCBuildConfiguration;
			buildSettings = {
				ALWAYS_SEARCH_USER_PATHS = NO;
				CLANG_ANALYZER_NONNULL = YES;
				CLANG_ANALYZER_NUMBER_OBJECT_CONVERSION = YES_AGGRESSIVE;
				CLANG_CXX_LANGUAGE_STANDARD = "gnu++17";
				CLANG_ENABLE_MODULES = YES;
				CLANG_ENABLE_OBJC_ARC = YES;
				CLANG_ENABLE_OBJC_WEAK = YES;
				CLANG_WARN_BLOCK_CAPTURE_AUTORELEASING = YES;
				CLANG_WARN_BOOL_CONVERSION = YES;
				CLANG_WARN_COMMA = YES;
				CLANG_WARN_CONSTANT_CONVERSION = YES;
				CLANG_WARN_DEPRECATED_OBJC_IMPLEMENTATIONS = YES;
				CLANG_WARN_DIRECT_OBJC_ISA_USAGE = YES_ERROR;
				CLANG_WARN_DOCUMENTATION_COMMENTS = YES;
				CLANG_WARN_EMPTY_BODY = YES;
				CLANG_WARN_ENUM_CONVERSION = YES;
				CLANG_WARN_INFINITE_RECURSION = YES;
				CLANG_WARN_INT_CONVERSION = YES;
				CLANG_WARN_NON_LITERAL_NULL_CONVERSION = YES;
				CLANG_WARN_OBJC_IMPLICIT_RETAIN_SELF = YES;
				CLANG_WARN_OBJC_LITERAL_CONVERSION = YES;
				CLANG_WARN_OBJC_ROOT_CLASS = YES_ERROR;
				CLANG_WARN_QUOTED_INCLUDE_IN_FRAMEWORK_HEADER = YES;
				CLANG_WARN_RANGE_LOOP_ANALYSIS = YES;
				CLANG_WARN_STRICT_PROTOTYPES = YES;
				CLANG_WARN_SUSPICIOUS_MOVE = YES;
				CLANG_WARN_UNGUARDED_AVAILABILITY = YES_AGGRESSIVE;
				CLANG_WARN_UNREACHABLE_CODE = YES;
				CLANG_WARN__DUPLICATE_METHOD_MATCH = YES;
				COPY_PHASE_STRIP = NO;
				DEBUG_INFORMATION_FORMAT = dwarf;
				ENABLE_STRICT_OBJC_MSGSEND = YES;
				ENABLE_TESTABILITY = YES;
				GCC_C_LANGUAGE_STANDARD = gnu11;
				GCC_DYNAMIC_NO_PIC = NO;
				GCC_NO_COMMON_BLOCKS = YES;
				GCC_OPTIMIZATION_LEVEL = 0;
				GCC_PREPROCESSOR_DEFINITIONS = (
					"DEBUG=1",
					"$(inherited)",
				);
				GCC_WARN_64_TO_32_BIT_CONVERSION = YES;
				GCC_WARN_ABOUT_RETURN_TYPE = YES_ERROR;
				GCC_WARN_UNDECLARED_SELECTOR = YES;
				GCC_WARN_UNINITIALIZED_AUTOS = YES_AGGRESSIVE;
				GCC_WARN_UNUSED_FUNCTION = YES;
				GCC_WARN_UNUSED_VARIABLE = YES;
				IPHONEOS_DEPLOYMENT_TARGET = 15.5;
				MTL_ENABLE_DEBUG_INFO = INCLUDE_SOURCE;
				MTL_FAST_MATH = YES;
				ONLY_ACTIVE_ARCH = YES;
				SDKROOT = iphoneos;
				SWIFT_ACTIVE_COMPILATION_CONDITIONS = DEBUG;
				SWIFT_OPTIMIZATION_LEVEL = "-Onone";
			};
			name = Debug;
		};
		4F6A954128C9C9E100017AC4 /* Release */ = {
			isa = XCBuildConfiguration;
			buildSettings = {
				ALWAYS_SEARCH_USER_PATHS = NO;
				CLANG_ANALYZER_NONNULL = YES;
				CLANG_ANALYZER_NUMBER_OBJECT_CONVERSION = YES_AGGRESSIVE;
				CLANG_CXX_LANGUAGE_STANDARD = "gnu++17";
				CLANG_ENABLE_MODULES = YES;
				CLANG_ENABLE_OBJC_ARC = YES;
				CLANG_ENABLE_OBJC_WEAK = YES;
				CLANG_WARN_BLOCK_CAPTURE_AUTORELEASING = YES;
				CLANG_WARN_BOOL_CONVERSION = YES;
				CLANG_WARN_COMMA = YES;
				CLANG_WARN_CONSTANT_CONVERSION = YES;
				CLANG_WARN_DEPRECATED_OBJC_IMPLEMENTATIONS = YES;
				CLANG_WARN_DIRECT_OBJC_ISA_USAGE = YES_ERROR;
				CLANG_WARN_DOCUMENTATION_COMMENTS = YES;
				CLANG_WARN_EMPTY_BODY = YES;
				CLANG_WARN_ENUM_CONVERSION = YES;
				CLANG_WARN_INFINITE_RECURSION = YES;
				CLANG_WARN_INT_CONVERSION = YES;
				CLANG_WARN_NON_LITERAL_NULL_CONVERSION = YES;
				CLANG_WARN_OBJC_IMPLICIT_RETAIN_SELF = YES;
				CLANG_WARN_OBJC_LITERAL_CONVERSION = YES;
				CLANG_WARN_OBJC_ROOT_CLASS = YES_ERROR;
				CLANG_WARN_QUOTED_INCLUDE_IN_FRAMEWORK_HEADER = YES;
				CLANG_WARN_RANGE_LOOP_ANALYSIS = YES;
				CLANG_WARN_STRICT_PROTOTYPES = YES;
				CLANG_WARN_SUSPICIOUS_MOVE = YES;
				CLANG_WARN_UNGUARDED_AVAILABILITY = YES_AGGRESSIVE;
				CLANG_WARN_UNREACHABLE_CODE = YES;
				CLANG_WARN__DUPLICATE_METHOD_MATCH = YES;
				COPY_PHASE_STRIP = NO;
				DEBUG_INFORMATION_FORMAT = "dwarf-with-dsym";
				ENABLE_NS_ASSERTIONS = NO;
				ENABLE_STRICT_OBJC_MSGSEND = YES;
				GCC_C_LANGUAGE_STANDARD = gnu11;
				GCC_NO_COMMON_BLOCKS = YES;
				GCC_WARN_64_TO_32_BIT_CONVERSION = YES;
				GCC_WARN_ABOUT_RETURN_TYPE = YES_ERROR;
				GCC_WARN_UNDECLARED_SELECTOR = YES;
				GCC_WARN_UNINITIALIZED_AUTOS = YES_AGGRESSIVE;
				GCC_WARN_UNUSED_FUNCTION = YES;
				GCC_WARN_UNUSED_VARIABLE = YES;
				IPHONEOS_DEPLOYMENT_TARGET = 15.5;
				MTL_ENABLE_DEBUG_INFO = NO;
				MTL_FAST_MATH = YES;
				SDKROOT = iphoneos;
				SWIFT_COMPILATION_MODE = wholemodule;
				SWIFT_OPTIMIZATION_LEVEL = "-O";
				VALIDATE_PRODUCT = YES;
			};
			name = Release;
		};
		4F6A954328C9C9E100017AC4 /* Debug */ = {
			isa = XCBuildConfiguration;
			buildSettings = {
				ASSETCATALOG_COMPILER_APPICON_NAME = AppIcon;
				ASSETCATALOG_COMPILER_GLOBAL_ACCENT_COLOR_NAME = AccentColor;
				CODE_SIGN_STYLE = Automatic;
				CURRENT_PROJECT_VERSION = 1;
				DEVELOPMENT_ASSET_PATHS = "\"HandlingUserInput/Preview Content\"";
				DEVELOPMENT_TEAM = 2H7EM56K2Z;
				ENABLE_PREVIEWS = YES;
				GENERATE_INFOPLIST_FILE = YES;
				INFOPLIST_KEY_UIApplicationSceneManifest_Generation = YES;
				INFOPLIST_KEY_UIApplicationSupportsIndirectInputEvents = YES;
				INFOPLIST_KEY_UILaunchScreen_Generation = YES;
				INFOPLIST_KEY_UISupportedInterfaceOrientations_iPad = "UIInterfaceOrientationPortrait UIInterfaceOrientationPortraitUpsideDown UIInterfaceOrientationLandscapeLeft UIInterfaceOrientationLandscapeRight";
				INFOPLIST_KEY_UISupportedInterfaceOrientations_iPhone = "UIInterfaceOrientationPortrait UIInterfaceOrientationLandscapeLeft UIInterfaceOrientationLandscapeRight";
				LD_RUNPATH_SEARCH_PATHS = (
					"$(inherited)",
					"@executable_path/Frameworks",
				);
				MARKETING_VERSION = 1.0;
				PRODUCT_BUNDLE_IDENTIFIER = com.leeyuno.HandlingUserInput;
				PRODUCT_NAME = "$(TARGET_NAME)";
				SWIFT_EMIT_LOC_STRINGS = YES;
				SWIFT_VERSION = 5.0;
				TARGETED_DEVICE_FAMILY = "1,2";
			};
			name = Debug;
		};
		4F6A954428C9C9E100017AC4 /* Release */ = {
			isa = XCBuildConfiguration;
			buildSettings = {
				ASSETCATALOG_COMPILER_APPICON_NAME = AppIcon;
				ASSETCATALOG_COMPILER_GLOBAL_ACCENT_COLOR_NAME = AccentColor;
				CODE_SIGN_STYLE = Automatic;
				CURRENT_PROJECT_VERSION = 1;
				DEVELOPMENT_ASSET_PATHS = "\"HandlingUserInput/Preview Content\"";
				DEVELOPMENT_TEAM = 2H7EM56K2Z;
				ENABLE_PREVIEWS = YES;
				GENERATE_INFOPLIST_FILE = YES;
				INFOPLIST_KEY_UIApplicationSceneManifest_Generation = YES;
				INFOPLIST_KEY_UIApplicationSupportsIndirectInputEvents = YES;
				INFOPLIST_KEY_UILaunchScreen_Generation = YES;
				INFOPLIST_KEY_UISupportedInterfaceOrientations_iPad = "UIInterfaceOrientationPortrait UIInterfaceOrientationPortraitUpsideDown UIInterfaceOrientationLandscapeLeft UIInterfaceOrientationLandscapeRight";
				INFOPLIST_KEY_UISupportedInterfaceOrientations_iPhone = "UIInterfaceOrientationPortrait UIInterfaceOrientationLandscapeLeft UIInterfaceOrientationLandscapeRight";
				LD_RUNPATH_SEARCH_PATHS = (
					"$(inherited)",
					"@executable_path/Frameworks",
				);
				MARKETING_VERSION = 1.0;
				PRODUCT_BUNDLE_IDENTIFIER = com.leeyuno.HandlingUserInput;
				PRODUCT_NAME = "$(TARGET_NAME)";
				SWIFT_EMIT_LOC_STRINGS = YES;
				SWIFT_VERSION = 5.0;
				TARGETED_DEVICE_FAMILY = "1,2";
			};
			name = Release;
		};
		4F6A954628C9C9E100017AC4 /* Debug */ = {
			isa = XCBuildConfiguration;
			buildSettings = {
				ALWAYS_EMBED_SWIFT_STANDARD_LIBRARIES = YES;
				BUNDLE_LOADER = "$(TEST_HOST)";
				CODE_SIGN_STYLE = Automatic;
				CURRENT_PROJECT_VERSION = 1;
				DEVELOPMENT_TEAM = 2H7EM56K2Z;
				GENERATE_INFOPLIST_FILE = YES;
				IPHONEOS_DEPLOYMENT_TARGET = 15.5;
				MARKETING_VERSION = 1.0;
				PRODUCT_BUNDLE_IDENTIFIER = com.leeyuno.HandlingUserInputTests;
				PRODUCT_NAME = "$(TARGET_NAME)";
				SWIFT_EMIT_LOC_STRINGS = NO;
				SWIFT_VERSION = 5.0;
				TARGETED_DEVICE_FAMILY = "1,2";
				TEST_HOST = "$(BUILT_PRODUCTS_DIR)/HandlingUserInput.app/HandlingUserInput";
			};
			name = Debug;
		};
		4F6A954728C9C9E100017AC4 /* Release */ = {
			isa = XCBuildConfiguration;
			buildSettings = {
				ALWAYS_EMBED_SWIFT_STANDARD_LIBRARIES = YES;
				BUNDLE_LOADER = "$(TEST_HOST)";
				CODE_SIGN_STYLE = Automatic;
				CURRENT_PROJECT_VERSION = 1;
				DEVELOPMENT_TEAM = 2H7EM56K2Z;
				GENERATE_INFOPLIST_FILE = YES;
				IPHONEOS_DEPLOYMENT_TARGET = 15.5;
				MARKETING_VERSION = 1.0;
				PRODUCT_BUNDLE_IDENTIFIER = com.leeyuno.HandlingUserInputTests;
				PRODUCT_NAME = "$(TARGET_NAME)";
				SWIFT_EMIT_LOC_STRINGS = NO;
				SWIFT_VERSION = 5.0;
				TARGETED_DEVICE_FAMILY = "1,2";
				TEST_HOST = "$(BUILT_PRODUCTS_DIR)/HandlingUserInput.app/HandlingUserInput";
			};
			name = Release;
		};
		4F6A954928C9C9E100017AC4 /* Debug */ = {
			isa = XCBuildConfiguration;
			buildSettings = {
				ALWAYS_EMBED_SWIFT_STANDARD_LIBRARIES = YES;
				CODE_SIGN_STYLE = Automatic;
				CURRENT_PROJECT_VERSION = 1;
				DEVELOPMENT_TEAM = 2H7EM56K2Z;
				GENERATE_INFOPLIST_FILE = YES;
				MARKETING_VERSION = 1.0;
				PRODUCT_BUNDLE_IDENTIFIER = com.leeyuno.HandlingUserInputUITests;
				PRODUCT_NAME = "$(TARGET_NAME)";
				SWIFT_EMIT_LOC_STRINGS = NO;
				SWIFT_VERSION = 5.0;
				TARGETED_DEVICE_FAMILY = "1,2";
				TEST_TARGET_NAME = HandlingUserInput;
			};
			name = Debug;
		};
		4F6A954A28C9C9E100017AC4 /* Release */ = {
			isa = XCBuildConfiguration;
			buildSettings = {
				ALWAYS_EMBED_SWIFT_STANDARD_LIBRARIES = YES;
				CODE_SIGN_STYLE = Automatic;
				CURRENT_PROJECT_VERSION = 1;
				DEVELOPMENT_TEAM = 2H7EM56K2Z;
				GENERATE_INFOPLIST_FILE = YES;
				MARKETING_VERSION = 1.0;
				PRODUCT_BUNDLE_IDENTIFIER = com.leeyuno.HandlingUserInputUITests;
				PRODUCT_NAME = "$(TARGET_NAME)";
				SWIFT_EMIT_LOC_STRINGS = NO;
				SWIFT_VERSION = 5.0;
				TARGETED_DEVICE_FAMILY = "1,2";
				TEST_TARGET_NAME = HandlingUserInput;
			};
			name = Release;
		};
/* End XCBuildConfiguration section */

/* Begin XCConfigurationList section */
		4F6A951928C9C9D800017AC4 /* Build configuration list for PBXProject "HandlingUserInput" */ = {
			isa = XCConfigurationList;
			buildConfigurations = (
				4F6A954028C9C9E100017AC4 /* Debug */,
				4F6A954128C9C9E100017AC4 /* Release */,
			);
			defaultConfigurationIsVisible = 0;
			defaultConfigurationName = Release;
		};
		4F6A954228C9C9E100017AC4 /* Build configuration list for PBXNativeTarget "HandlingUserInput" */ = {
			isa = XCConfigurationList;
			buildConfigurations = (
				4F6A954328C9C9E100017AC4 /* Debug */,
				4F6A954428C9C9E100017AC4 /* Release */,
			);
			defaultConfigurationIsVisible = 0;
			defaultConfigurationName = Release;
		};
		4F6A954528C9C9E100017AC4 /* Build configuration list for PBXNativeTarget "HandlingUserInputTests" */ = {
			isa = XCConfigurationList;
			buildConfigurations = (
				4F6A954628C9C9E100017AC4 /* Debug */,
				4F6A954728C9C9E100017AC4 /* Release */,
			);
			defaultConfigurationIsVisible = 0;
			defaultConfigurationName = Release;
		};
		4F6A954828C9C9E100017AC4 /* Build configuration list for PBXNativeTarget "HandlingUserInputUITests" */ = {
			isa = XCConfigurationList;
			buildConfigurations = (
				4F6A954928C9C9E100017AC4 /* Debug */,
				4F6A954A28C9C9E100017AC4 /* Release */,
			);
			defaultConfigurationIsVisible = 0;
			defaultConfigurationName = Release;
		};
/* End XCConfigurationList section */
	};
	rootObject = 4F6A951628C9C9D800017AC4 /* Project object */;
}
