// !$*UTF8*$!
{
	archiveVersion = 1;
	classes = {
	};
	objectVersion = 55;
	objects = {

/* Begin PBXBuildFile section */
		4F01FD1528D1735C00C2F189 /* RotatedBadgeSymbol.swift in Sources */ = {isa = PBXBuildFile; fileRef = 4F01FD1028D1735C00C2F189 /* RotatedBadgeSymbol.swift */; };
		4F01FD1628D1735C00C2F189 /* HexagonParameters.swift in Sources */ = {isa = PBXBuildFile; fileRef = 4F01FD1128D1735C00C2F189 /* HexagonParameters.swift */; };
		4F01FD1728D1735C00C2F189 /* BadgeSymbol.swift in Sources */ = {isa = PBXBuildFile; fileRef = 4F01FD1228D1735C00C2F189 /* BadgeSymbol.swift */; };
		4F01FD1828D1735C00C2F189 /* BadgeBackground.swift in Sources */ = {isa = PBXBuildFile; fileRef = 4F01FD1328D1735C00C2F189 /* BadgeBackground.swift */; };
		4F01FD1928D1735C00C2F189 /* Badge.swift in Sources */ = {isa = PBXBuildFile; fileRef = 4F01FD1428D1735C00C2F189 /* Badge.swift */; };
		4F01FD1E28D1750A00C2F189 /* hikeData.json in Resources */ = {isa = PBXBuildFile; fileRef = 4F01FD1D28D1750A00C2F189 /* hikeData.json */; };
		4F01FD2228D1753100C2F189 /* Hike.swift in Sources */ = {isa = PBXBuildFile; fileRef = 4F01FD2128D1753100C2F189 /* Hike.swift */; };
		4F01FD2428D175E700C2F189 /* ModelData.swift in Sources */ = {isa = PBXBuildFile; fileRef = 4F01FD2328D175E700C2F189 /* ModelData.swift */; };
		4F01FD2628D1764E00C2F189 /* Landmark.swift in Sources */ = {isa = PBXBuildFile; fileRef = 4F01FD2528D1764E00C2F189 /* Landmark.swift */; };
		4F01FD2828D1768F00C2F189 /* landmarkData.json in Resources */ = {isa = PBXBuildFile; fileRef = 4F01FD2728D1768F00C2F189 /* landmarkData.json */; };
		4F01FD2B28D177BC00C2F189 /* HikeView.swift in Sources */ = {isa = PBXBuildFile; fileRef = 4F01FD2A28D177BC00C2F189 /* HikeView.swift */; };
		4F01FD2D28D177D500C2F189 /* HikeGraph.swift in Sources */ = {isa = PBXBuildFile; fileRef = 4F01FD2C28D177D500C2F189 /* HikeGraph.swift */; };
		4F01FD2F28D177DA00C2F189 /* HikeDetail.swift in Sources */ = {isa = PBXBuildFile; fileRef = 4F01FD2E28D177DA00C2F189 /* HikeDetail.swift */; };
		4F01FD3128D177DE00C2F189 /* GraphCapsule.swift in Sources */ = {isa = PBXBuildFile; fileRef = 4F01FD3028D177DE00C2F189 /* GraphCapsule.swift */; };
		4FEBE65C28D171C30065795D /* AnimatingAndTransitionsApp.swift in Sources */ = {isa = PBXBuildFile; fileRef = 4FEBE65B28D171C30065795D /* AnimatingAndTransitionsApp.swift */; };
		4FEBE65E28D171C30065795D /* ContentView.swift in Sources */ = {isa = PBXBuildFile; fileRef = 4FEBE65D28D171C30065795D /* ContentView.swift */; };
		4FEBE66028D171C80065795D /* Assets.xcassets in Resources */ = {isa = PBXBuildFile; fileRef = 4FEBE65F28D171C80065795D /* Assets.xcassets */; };
		4FEBE66328D171C80065795D /* Preview Assets.xcassets in Resources */ = {isa = PBXBuildFile; fileRef = 4FEBE66228D171C80065795D /* Preview Assets.xcassets */; };
		4FEBE66D28D171C80065795D /* AnimatingAndTransitionsTests.swift in Sources */ = {isa = PBXBuildFile; fileRef = 4FEBE66C28D171C80065795D /* AnimatingAndTransitionsTests.swift */; };
		4FEBE67728D171C80065795D /* AnimatingAndTransitionsUITests.swift in Sources */ = {isa = PBXBuildFile; fileRef = 4FEBE67628D171C80065795D /* AnimatingAndTransitionsUITests.swift */; };
		4FEBE67928D171C80065795D /* AnimatingAndTransitionsUITestsLaunchTests.swift in Sources */ = {isa = PBXBuildFile; fileRef = 4FEBE67828D171C80065795D /* AnimatingAndTransitionsUITestsLaunchTests.swift */; };
/* End PBXBuildFile section */

/* Begin PBXContainerItemProxy section */
		4FEBE66928D171C80065795D /* PBXContainerItemProxy */ = {
			isa = PBXContainerItemProxy;
			containerPortal = 4FEBE65028D171C20065795D /* Project object */;
			proxyType = 1;
			remoteGlobalIDString = 4FEBE65728D171C30065795D;
			remoteInfo = AnimatingAndTransitions;
		};
		4FEBE67328D171C80065795D /* PBXContainerItemProxy */ = {
			isa = PBXContainerItemProxy;
			containerPortal = 4FEBE65028D171C20065795D /* Project object */;
			proxyType = 1;
			remoteGlobalIDString = 4FEBE65728D171C30065795D;
			remoteInfo = AnimatingAndTransitions;
		};
/* End PBXContainerItemProxy section */

/* Begin PBXFileReference section */
		4F01FD1028D1735C00C2F189 /* RotatedBadgeSymbol.swift */ = {isa = PBXFileReference; fileEncoding = 4; lastKnownFileType = sourcecode.swift; path = RotatedBadgeSymbol.swift; sourceTree = "<group>"; };
		4F01FD1128D1735C00C2F189 /* HexagonParameters.swift */ = {isa = PBXFileReference; fileEncoding = 4; lastKnownFileType = sourcecode.swift; path = HexagonParameters.swift; sourceTree = "<group>"; };
		4F01FD1228D1735C00C2F189 /* BadgeSymbol.swift */ = {isa = PBXFileReference; fileEncoding = 4; lastKnownFileType = sourcecode.swift; path = BadgeSymbol.swift; sourceTree = "<group>"; };
		4F01FD1328D1735C00C2F189 /* BadgeBackground.swift */ = {isa = PBXFileReference; fileEncoding = 4; lastKnownFileType = sourcecode.swift; path = BadgeBackground.swift; sourceTree = "<group>"; };
		4F01FD1428D1735C00C2F189 /* Badge.swift */ = {isa = PBXFileReference; fileEncoding = 4; lastKnownFileType = sourcecode.swift; path = Badge.swift; sourceTree = "<group>"; };
		4F01FD1D28D1750A00C2F189 /* hikeData.json */ = {isa = PBXFileReference; fileEncoding = 4; lastKnownFileType = text.json; path = hikeData.json; sourceTree = "<group>"; };
		4F01FD2128D1753100C2F189 /* Hike.swift */ = {isa = PBXFileReference; lastKnownFileType = sourcecode.swift; path = Hike.swift; sourceTree = "<group>"; };
		4F01FD2328D175E700C2F189 /* ModelData.swift */ = {isa = PBXFileReference; lastKnownFileType = sourcecode.swift; path = ModelData.swift; sourceTree = "<group>"; };
		4F01FD2528D1764E00C2F189 /* Landmark.swift */ = {isa = PBXFileReference; lastKnownFileType = sourcecode.swift; path = Landmark.swift; sourceTree = "<group>"; };
		4F01FD2728D1768F00C2F189 /* landmarkData.json */ = {isa = PBXFileReference; fileEncoding = 4; lastKnownFileType = text.json; path = landmarkData.json; sourceTree = "<group>"; };
		4F01FD2A28D177BC00C2F189 /* HikeView.swift */ = {isa = PBXFileReference; lastKnownFileType = sourcecode.swift; path = HikeView.swift; sourceTree = "<group>"; };
		4F01FD2C28D177D500C2F189 /* HikeGraph.swift */ = {isa = PBXFileReference; lastKnownFileType = sourcecode.swift; path = HikeGraph.swift; sourceTree = "<group>"; };
		4F01FD2E28D177DA00C2F189 /* HikeDetail.swift */ = {isa = PBXFileReference; lastKnownFileType = sourcecode.swift; path = HikeDetail.swift; sourceTree = "<group>"; };
		4F01FD3028D177DE00C2F189 /* GraphCapsule.swift */ = {isa = PBXFileReference; lastKnownFileType = sourcecode.swift; path = GraphCapsule.swift; sourceTree = "<group>"; };
		4FEBE65828D171C30065795D /* AnimatingAndTransitions.app */ = {isa = PBXFileReference; explicitFileType = wrapper.application; includeInIndex = 0; path = AnimatingAndTransitions.app; sourceTree = BUILT_PRODUCTS_DIR; };
		4FEBE65B28D171C30065795D /* AnimatingAndTransitionsApp.swift */ = {isa = PBXFileReference; lastKnownFileType = sourcecode.swift; path = AnimatingAndTransitionsApp.swift; sourceTree = "<group>"; };
		4FEBE65D28D171C30065795D /* ContentView.swift */ = {isa = PBXFileReference; lastKnownFileType = sourcecode.swift; path = ContentView.swift; sourceTree = "<group>"; };
		4FEBE65F28D171C80065795D /* Assets.xcassets */ = {isa = PBXFileReference; lastKnownFileType = folder.assetcatalog; path = Assets.xcassets; sourceTree = "<group>"; };
		4FEBE66228D171C80065795D /* Preview Assets.xcassets */ = {isa = PBXFileReference; lastKnownFileType = folder.assetcatalog; path = "Preview Assets.xcassets"; sourceTree = "<group>"; };
		4FEBE66828D171C80065795D /* AnimatingAndTransitionsTests.xctest */ = {isa = PBXFileReference; explicitFileType = wrapper.cfbundle; includeInIndex = 0; path = AnimatingAndTransitionsTests.xctest; sourceTree = BUILT_PRODUCTS_DIR; };
		4FEBE66C28D171C80065795D /* AnimatingAndTransitionsTests.swift */ = {isa = PBXFileReference; lastKnownFileType = sourcecode.swift; path = AnimatingAndTransitionsTests.swift; sourceTree = "<group>"; };
		4FEBE67228D171C80065795D /* AnimatingAndTransitionsUITests.xctest */ = {isa = PBXFileReference; explicitFileType = wrapper.cfbundle; includeInIndex = 0; path = AnimatingAndTransitionsUITests.xctest; sourceTree = BUILT_PRODUCTS_DIR; };
		4FEBE67628D171C80065795D /* AnimatingAndTransitionsUITests.swift */ = {isa = PBXFileReference; lastKnownFileType = sourcecode.swift; path = AnimatingAndTransitionsUITests.swift; sourceTree = "<group>"; };
		4FEBE67828D171C80065795D /* AnimatingAndTransitionsUITestsLaunchTests.swift */ = {isa = PBXFileReference; lastKnownFileType = sourcecode.swift; path = AnimatingAndTransitionsUITestsLaunchTests.swift; sourceTree = "<group>"; };
/* End PBXFileReference section */

/* Begin PBXFrameworksBuildPhase section */
		4FEBE65528D171C30065795D /* Frameworks */ = {
			isa = PBXFrameworksBuildPhase;
			buildActionMask = 2147483647;
			files = (
			);
			runOnlyForDeploymentPostprocessing = 0;
		};
		4FEBE66528D171C80065795D /* Frameworks */ = {
			isa = PBXFrameworksBuildPhase;
			buildActionMask = 2147483647;
			files = (
			);
			runOnlyForDeploymentPostprocessing = 0;
		};
		4FEBE66F28D171C80065795D /* Frameworks */ = {
			isa = PBXFrameworksBuildPhase;
			buildActionMask = 2147483647;
			files = (
			);
			runOnlyForDeploymentPostprocessing = 0;
		};
/* End PBXFrameworksBuildPhase section */

/* Begin PBXGroup section */
		4F01FD0F28D1735C00C2F189 /* Badges */ = {
			isa = PBXGroup;
			children = (
				4F01FD1028D1735C00C2F189 /* RotatedBadgeSymbol.swift */,
				4F01FD1128D1735C00C2F189 /* HexagonParameters.swift */,
				4F01FD1228D1735C00C2F189 /* BadgeSymbol.swift */,
				4F01FD1328D1735C00C2F189 /* BadgeBackground.swift */,
				4F01FD1428D1735C00C2F189 /* Badge.swift */,
			);
			path = Badges;
			sourceTree = "<group>";
		};
		4F01FD1A28D1749600C2F189 /* Resource */ = {
			isa = PBXGroup;
			children = (
				4F01FD2728D1768F00C2F189 /* landmarkData.json */,
				4F01FD1D28D1750A00C2F189 /* hikeData.json */,
			);
			path = Resource;
			sourceTree = "<group>";
		};
		4F01FD1F28D1752200C2F189 /* Model */ = {
			isa = PBXGroup;
			children = (
				4F01FD2128D1753100C2F189 /* Hike.swift */,
				4F01FD2328D175E700C2F189 /* ModelData.swift */,
				4F01FD2528D1764E00C2F189 /* Landmark.swift */,
			);
			path = Model;
			sourceTree = "<group>";
		};
		4F01FD2928D177B000C2F189 /* Hikes */ = {
			isa = PBXGroup;
			children = (
				4F01FD2A28D177BC00C2F189 /* HikeView.swift */,
				4F01FD2C28D177D500C2F189 /* HikeGraph.swift */,
				4F01FD2E28D177DA00C2F189 /* HikeDetail.swift */,
				4F01FD3028D177DE00C2F189 /* GraphCapsule.swift */,
			);
			path = Hikes;
			sourceTree = "<group>";
		};
		4FEBE64F28D171C20065795D = {
			isa = PBXGroup;
			children = (
				4FEBE65A28D171C30065795D /* AnimatingAndTransitions */,
				4FEBE66B28D171C80065795D /* AnimatingAndTransitionsTests */,
				4FEBE67528D171C80065795D /* AnimatingAndTransitionsUITests */,
				4FEBE65928D171C30065795D /* Products */,
			);
			sourceTree = "<group>";
		};
		4FEBE65928D171C30065795D /* Products */ = {
			isa = PBXGroup;
			children = (
				4FEBE65828D171C30065795D /* AnimatingAndTransitions.app */,
				4FEBE66828D171C80065795D /* AnimatingAndTransitionsTests.xctest */,
				4FEBE67228D171C80065795D /* AnimatingAndTransitionsUITests.xctest */,
			);
			name = Products;
			sourceTree = "<group>";
		};
		4FEBE65A28D171C30065795D /* AnimatingAndTransitions */ = {
			isa = PBXGroup;
			children = (
				4F01FD1F28D1752200C2F189 /* Model */,
				4F01FD1A28D1749600C2F189 /* Resource */,
				4FEBE68728D172BD0065795D /* Views */,
				4FEBE65B28D171C30065795D /* AnimatingAndTransitionsApp.swift */,
				4FEBE65D28D171C30065795D /* ContentView.swift */,
				4FEBE65F28D171C80065795D /* Assets.xcassets */,
				4FEBE66128D171C80065795D /* Preview Content */,
			);
			path = AnimatingAndTransitions;
			sourceTree = "<group>";
		};
		4FEBE66128D171C80065795D /* Preview Content */ = {
			isa = PBXGroup;
			children = (
				4FEBE66228D171C80065795D /* Preview Assets.xcassets */,
			);
			path = "Preview Content";
			sourceTree = "<group>";
		};
		4FEBE66B28D171C80065795D /* AnimatingAndTransitionsTests */ = {
			isa = PBXGroup;
			children = (
				4FEBE66C28D171C80065795D /* AnimatingAndTransitionsTests.swift */,
			);
			path = AnimatingAndTransitionsTests;
			sourceTree = "<group>";
		};
		4FEBE67528D171C80065795D /* AnimatingAndTransitionsUITests */ = {
			isa = PBXGroup;
			children = (
				4FEBE67628D171C80065795D /* AnimatingAndTransitionsUITests.swift */,
				4FEBE67828D171C80065795D /* AnimatingAndTransitionsUITestsLaunchTests.swift */,
			);
			path = AnimatingAndTransitionsUITests;
			sourceTree = "<group>";
		};
		4FEBE68728D172BD0065795D /* Views */ = {
			isa = PBXGroup;
			children = (
				4F01FD2928D177B000C2F189 /* Hikes */,
				4F01FD0F28D1735C00C2F189 /* Badges */,
			);
			path = Views;
			sourceTree = "<group>";
		};
/* End PBXGroup section */

/* Begin PBXNativeTarget section */
		4FEBE65728D171C30065795D /* AnimatingAndTransitions */ = {
			isa = PBXNativeTarget;
			buildConfigurationList = 4FEBE67C28D171C80065795D /* Build configuration list for PBXNativeTarget "AnimatingAndTransitions" */;
			buildPhases = (
				4FEBE65428D171C30065795D /* Sources */,
				4FEBE65528D171C30065795D /* Frameworks */,
				4FEBE65628D171C30065795D /* Resources */,
			);
			buildRules = (
			);
			dependencies = (
			);
			name = AnimatingAndTransitions;
			productName = AnimatingAndTransitions;
			productReference = 4FEBE65828D171C30065795D /* AnimatingAndTransitions.app */;
			productType = "com.apple.product-type.application";
		};
		4FEBE66728D171C80065795D /* AnimatingAndTransitionsTests */ = {
			isa = PBXNativeTarget;
			buildConfigurationList = 4FEBE67F28D171C80065795D /* Build configuration list for PBXNativeTarget "AnimatingAndTransitionsTests" */;
			buildPhases = (
				4FEBE66428D171C80065795D /* Sources */,
				4FEBE66528D171C80065795D /* Frameworks */,
				4FEBE66628D171C80065795D /* Resources */,
			);
			buildRules = (
			);
			dependencies = (
				4FEBE66A28D171C80065795D /* PBXTargetDependency */,
			);
			name = AnimatingAndTransitionsTests;
			productName = AnimatingAndTransitionsTests;
			productReference = 4FEBE66828D171C80065795D /* AnimatingAndTransitionsTests.xctest */;
			productType = "com.apple.product-type.bundle.unit-test";
		};
		4FEBE67128D171C80065795D /* AnimatingAndTransitionsUITests */ = {
			isa = PBXNativeTarget;
			buildConfigurationList = 4FEBE68228D171C80065795D /* Build configuration list for PBXNativeTarget "AnimatingAndTransitionsUITests" */;
			buildPhases = (
				4FEBE66E28D171C80065795D /* Sources */,
				4FEBE66F28D171C80065795D /* Frameworks */,
				4FEBE67028D171C80065795D /* Resources */,
			);
			buildRules = (
			);
			dependencies = (
				4FEBE67428D171C80065795D /* PBXTargetDependency */,
			);
			name = AnimatingAndTransitionsUITests;
			productName = AnimatingAndTransitionsUITests;
			productReference = 4FEBE67228D171C80065795D /* AnimatingAndTransitionsUITests.xctest */;
			productType = "com.apple.product-type.bundle.ui-testing";
		};
/* End PBXNativeTarget section */

/* Begin PBXProject section */
		4FEBE65028D171C20065795D /* Project object */ = {
			isa = PBXProject;
			attributes = {
				BuildIndependentTargetsInParallel = 1;
				LastSwiftUpdateCheck = 1340;
				LastUpgradeCheck = 1340;
				TargetAttributes = {
					4FEBE65728D171C30065795D = {
						CreatedOnToolsVersion = 13.4.1;
					};
					4FEBE66728D171C80065795D = {
						CreatedOnToolsVersion = 13.4.1;
						TestTargetID = 4FEBE65728D171C30065795D;
					};
					4FEBE67128D171C80065795D = {
						CreatedOnToolsVersion = 13.4.1;
						TestTargetID = 4FEBE65728D171C30065795D;
					};
				};
			};
			buildConfigurationList = 4FEBE65328D171C20065795D /* Build configuration list for PBXProject "AnimatingAndTransitions" */;
			compatibilityVersion = "Xcode 13.0";
			developmentRegion = en;
			hasScannedForEncodings = 0;
			knownRegions = (
				en,
				Base,
			);
			mainGroup = 4FEBE64F28D171C20065795D;
			productRefGroup = 4FEBE65928D171C30065795D /* Products */;
			projectDirPath = "";
			projectRoot = "";
			targets = (
				4FEBE65728D171C30065795D /* AnimatingAndTransitions */,
				4FEBE66728D171C80065795D /* AnimatingAndTransitionsTests */,
				4FEBE67128D171C80065795D /* AnimatingAndTransitionsUITests */,
			);
		};
/* End PBXProject section */

/* Begin PBXResourcesBuildPhase section */
		4FEBE65628D171C30065795D /* Resources */ = {
			isa = PBXResourcesBuildPhase;
			buildActionMask = 2147483647;
			files = (
				4FEBE66328D171C80065795D /* Preview Assets.xcassets in Resources */,
				4F01FD2828D1768F00C2F189 /* landmarkData.json in Resources */,
				4F01FD1E28D1750A00C2F189 /* hikeData.json in Resources */,
				4FEBE66028D171C80065795D /* Assets.xcassets in Resources */,
			);
			runOnlyForDeploymentPostprocessing = 0;
		};
		4FEBE66628D171C80065795D /* Resources */ = {
			isa = PBXResourcesBuildPhase;
			buildActionMask = 2147483647;
			files = (
			);
			runOnlyForDeploymentPostprocessing = 0;
		};
		4FEBE67028D171C80065795D /* Resources */ = {
			isa = PBXResourcesBuildPhase;
			buildActionMask = 2147483647;
			files = (
			);
			runOnlyForDeploymentPostprocessing = 0;
		};
/* End PBXResourcesBuildPhase section */

/* Begin PBXSourcesBuildPhase section */
		4FEBE65428D171C30065795D /* Sources */ = {
			isa = PBXSourcesBuildPhase;
			buildActionMask = 2147483647;
			files = (
				4F01FD1928D1735C00C2F189 /* Badge.swift in Sources */,
				4F01FD2D28D177D500C2F189 /* HikeGraph.swift in Sources */,
				4F01FD1628D1735C00C2F189 /* HexagonParameters.swift in Sources */,
				4F01FD2B28D177BC00C2F189 /* HikeView.swift in Sources */,
				4F01FD2428D175E700C2F189 /* ModelData.swift in Sources */,
				4F01FD1828D1735C00C2F189 /* BadgeBackground.swift in Sources */,
				4F01FD3128D177DE00C2F189 /* GraphCapsule.swift in Sources */,
				4FEBE65E28D171C30065795D /* ContentView.swift in Sources */,
				4FEBE65C28D171C30065795D /* AnimatingAndTransitionsApp.swift in Sources */,
				4F01FD2F28D177DA00C2F189 /* HikeDetail.swift in Sources */,
				4F01FD1728D1735C00C2F189 /* BadgeSymbol.swift in Sources */,
				4F01FD2228D1753100C2F189 /* Hike.swift in Sources */,
				4F01FD1528D1735C00C2F189 /* RotatedBadgeSymbol.swift in Sources */,
				4F01FD2628D1764E00C2F189 /* Landmark.swift in Sources */,
			);
			runOnlyForDeploymentPostprocessing = 0;
		};
		4FEBE66428D171C80065795D /* Sources */ = {
			isa = PBXSourcesBuildPhase;
			buildActionMask = 2147483647;
			files = (
				4FEBE66D28D171C80065795D /* AnimatingAndTransitionsTests.swift in Sources */,
			);
			runOnlyForDeploymentPostprocessing = 0;
		};
		4FEBE66E28D171C80065795D /* Sources */ = {
			isa = PBXSourcesBuildPhase;
			buildActionMask = 2147483647;
			files = (
				4FEBE67928D171C80065795D /* AnimatingAndTransitionsUITestsLaunchTests.swift in Sources */,
				4FEBE67728D171C80065795D /* AnimatingAndTransitionsUITests.swift in Sources */,
			);
			runOnlyForDeploymentPostprocessing = 0;
		};
/* End PBXSourcesBuildPhase section */

/* Begin PBXTargetDependency section */
		4FEBE66A28D171C80065795D /* PBXTargetDependency */ = {
			isa = PBXTargetDependency;
			target = 4FEBE65728D171C30065795D /* AnimatingAndTransitions */;
			targetProxy = 4FEBE66928D171C80065795D /* PBXContainerItemProxy */;
		};
		4FEBE67428D171C80065795D /* PBXTargetDependency */ = {
			isa = PBXTargetDependency;
			target = 4FEBE65728D171C30065795D /* AnimatingAndTransitions */;
			targetProxy = 4FEBE67328D171C80065795D /* PBXContainerItemProxy */;
		};
/* End PBXTargetDependency section */

/* Begin XCBuildConfiguration section */
		4FEBE67A28D171C80065795D /* Debug */ = {
			isa = XCBuildConfiguration;
			buildSettings = {
				ALWAYS_SEARCH_USER_PATHS = NO;
				CLANG_ANALYZER_NONNULL = YES;
				CLANG_ANALYZER_NUMBER_OBJECT_CONVERSION = YES_AGGRESSIVE;
				CLANG_CXX_LANGUAGE_STANDARD = "gnu++17";
				CLANG_ENABLE_MODULES = YES;
				CLANG_ENABLE_OBJC_ARC = YES;
				CLANG_ENABLE_OBJC_WEAK = YES;
				CLANG_WARN_BLOCK_CAPTURE_AUTORELEASING = YES;
				CLANG_WARN_BOOL_CONVERSION = YES;
				CLANG_WARN_COMMA = YES;
				CLANG_WARN_CONSTANT_CONVERSION = YES;
				CLANG_WARN_DEPRECATED_OBJC_IMPLEMENTATIONS = YES;
				CLANG_WARN_DIRECT_OBJC_ISA_USAGE = YES_ERROR;
				CLANG_WARN_DOCUMENTATION_COMMENTS = YES;
				CLANG_WARN_EMPTY_BODY = YES;
				CLANG_WARN_ENUM_CONVERSION = YES;
				CLANG_WARN_INFINITE_RECURSION = YES;
				CLANG_WARN_INT_CONVERSION = YES;
				CLANG_WARN_NON_LITERAL_NULL_CONVERSION = YES;
				CLANG_WARN_OBJC_IMPLICIT_RETAIN_SELF = YES;
				CLANG_WARN_OBJC_LITERAL_CONVERSION = YES;
				CLANG_WARN_OBJC_ROOT_CLASS = YES_ERROR;
				CLANG_WARN_QUOTED_INCLUDE_IN_FRAMEWORK_HEADER = YES;
				CLANG_WARN_RANGE_LOOP_ANALYSIS = YES;
				CLANG_WARN_STRICT_PROTOTYPES = YES;
				CLANG_WARN_SUSPICIOUS_MOVE = YES;
				CLANG_WARN_UNGUARDED_AVAILABILITY = YES_AGGRESSIVE;
				CLANG_WARN_UNREACHABLE_CODE = YES;
				CLANG_WARN__DUPLICATE_METHOD_MATCH = YES;
				COPY_PHASE_STRIP = NO;
				DEBUG_INFORMATION_FORMAT = dwarf;
				ENABLE_STRICT_OBJC_MSGSEND = YES;
				ENABLE_TESTABILITY = YES;
				GCC_C_LANGUAGE_STANDARD = gnu11;
				GCC_DYNAMIC_NO_PIC = NO;
				GCC_NO_COMMON_BLOCKS = YES;
				GCC_OPTIMIZATION_LEVEL = 0;
				GCC_PREPROCESSOR_DEFINITIONS = (
					"DEBUG=1",
					"$(inherited)",
				);
				GCC_WARN_64_TO_32_BIT_CONVERSION = YES;
				GCC_WARN_ABOUT_RETURN_TYPE = YES_ERROR;
				GCC_WARN_UNDECLARED_SELECTOR = YES;
				GCC_WARN_UNINITIALIZED_AUTOS = YES_AGGRESSIVE;
				GCC_WARN_UNUSED_FUNCTION = YES;
				GCC_WARN_UNUSED_VARIABLE = YES;
				IPHONEOS_DEPLOYMENT_TARGET = 15.5;
				MTL_ENABLE_DEBUG_INFO = INCLUDE_SOURCE;
				MTL_FAST_MATH = YES;
				ONLY_ACTIVE_ARCH = YES;
				SDKROOT = iphoneos;
				SWIFT_ACTIVE_COMPILATION_CONDITIONS = DEBUG;
				SWIFT_OPTIMIZATION_LEVEL = "-Onone";
			};
			name = Debug;
		};
		4FEBE67B28D171C80065795D /* Release */ = {
			isa = XCBuildConfiguration;
			buildSettings = {
				ALWAYS_SEARCH_USER_PATHS = NO;
				CLANG_ANALYZER_NONNULL = YES;
				CLANG_ANALYZER_NUMBER_OBJECT_CONVERSION = YES_AGGRESSIVE;
				CLANG_CXX_LANGUAGE_STANDARD = "gnu++17";
				CLANG_ENABLE_MODULES = YES;
				CLANG_ENABLE_OBJC_ARC = YES;
				CLANG_ENABLE_OBJC_WEAK = YES;
				CLANG_WARN_BLOCK_CAPTURE_AUTORELEASING = YES;
				CLANG_WARN_BOOL_CONVERSION = YES;
				CLANG_WARN_COMMA = YES;
				CLANG_WARN_CONSTANT_CONVERSION = YES;
				CLANG_WARN_DEPRECATED_OBJC_IMPLEMENTATIONS = YES;
				CLANG_WARN_DIRECT_OBJC_ISA_USAGE = YES_ERROR;
				CLANG_WARN_DOCUMENTATION_COMMENTS = YES;
				CLANG_WARN_EMPTY_BODY = YES;
				CLANG_WARN_ENUM_CONVERSION = YES;
				CLANG_WARN_INFINITE_RECURSION = YES;
				CLANG_WARN_INT_CONVERSION = YES;
				CLANG_WARN_NON_LITERAL_NULL_CONVERSION = YES;
				CLANG_WARN_OBJC_IMPLICIT_RETAIN_SELF = YES;
				CLANG_WARN_OBJC_LITERAL_CONVERSION = YES;
				CLANG_WARN_OBJC_ROOT_CLASS = YES_ERROR;
				CLANG_WARN_QUOTED_INCLUDE_IN_FRAMEWORK_HEADER = YES;
				CLANG_WARN_RANGE_LOOP_ANALYSIS = YES;
				CLANG_WARN_STRICT_PROTOTYPES = YES;
				CLANG_WARN_SUSPICIOUS_MOVE = YES;
				CLANG_WARN_UNGUARDED_AVAILABILITY = YES_AGGRESSIVE;
				CLANG_WARN_UNREACHABLE_CODE = YES;
				CLANG_WARN__DUPLICATE_METHOD_MATCH = YES;
				COPY_PHASE_STRIP = NO;
				DEBUG_INFORMATION_FORMAT = "dwarf-with-dsym";
				ENABLE_NS_ASSERTIONS = NO;
				ENABLE_STRICT_OBJC_MSGSEND = YES;
				GCC_C_LANGUAGE_STANDARD = gnu11;
				GCC_NO_COMMON_BLOCKS = YES;
				GCC_WARN_64_TO_32_BIT_CONVERSION = YES;
				GCC_WARN_ABOUT_RETURN_TYPE = YES_ERROR;
				GCC_WARN_UNDECLARED_SELECTOR = YES;
				GCC_WARN_UNINITIALIZED_AUTOS = YES_AGGRESSIVE;
				GCC_WARN_UNUSED_FUNCTION = YES;
				GCC_WARN_UNUSED_VARIABLE = YES;
				IPHONEOS_DEPLOYMENT_TARGET = 15.5;
				MTL_ENABLE_DEBUG_INFO = NO;
				MTL_FAST_MATH = YES;
				SDKROOT = iphoneos;
				SWIFT_COMPILATION_MODE = wholemodule;
				SWIFT_OPTIMIZATION_LEVEL = "-O";
				VALIDATE_PRODUCT = YES;
			};
			name = Release;
		};
		4FEBE67D28D171C80065795D /* Debug */ = {
			isa = XCBuildConfiguration;
			buildSettings = {
				ASSETCATALOG_COMPILER_APPICON_NAME = AppIcon;
				ASSETCATALOG_COMPILER_GLOBAL_ACCENT_COLOR_NAME = AccentColor;
				CODE_SIGN_STYLE = Automatic;
				CURRENT_PROJECT_VERSION = 1;
				DEVELOPMENT_ASSET_PATHS = "\"AnimatingAndTransitions/Preview Content\"";
				DEVELOPMENT_TEAM = 2H7EM56K2Z;
				ENABLE_PREVIEWS = YES;
				GENERATE_INFOPLIST_FILE = YES;
				INFOPLIST_KEY_UIApplicationSceneManifest_Generation = YES;
				INFOPLIST_KEY_UIApplicationSupportsIndirectInputEvents = YES;
				INFOPLIST_KEY_UILaunchScreen_Generation = YES;
				INFOPLIST_KEY_UISupportedInterfaceOrientations_iPad = "UIInterfaceOrientationPortrait UIInterfaceOrientationPortraitUpsideDown UIInterfaceOrientationLandscapeLeft UIInterfaceOrientationLandscapeRight";
				INFOPLIST_KEY_UISupportedInterfaceOrientations_iPhone = "UIInterfaceOrientationPortrait UIInterfaceOrientationLandscapeLeft UIInterfaceOrientationLandscapeRight";
				LD_RUNPATH_SEARCH_PATHS = (
					"$(inherited)",
					"@executable_path/Frameworks",
				);
				MARKETING_VERSION = 1.0;
				PRODUCT_BUNDLE_IDENTIFIER = com.leeyuno.AnimatingAndTransitions;
				PRODUCT_NAME = "$(TARGET_NAME)";
				SWIFT_EMIT_LOC_STRINGS = YES;
				SWIFT_VERSION = 5.0;
				TARGETED_DEVICE_FAMILY = "1,2";
			};
			name = Debug;
		};
		4FEBE67E28D171C80065795D /* Release */ = {
			isa = XCBuildConfiguration;
			buildSettings = {
				ASSETCATALOG_COMPILER_APPICON_NAME = AppIcon;
				ASSETCATALOG_COMPILER_GLOBAL_ACCENT_COLOR_NAME = AccentColor;
				CODE_SIGN_STYLE = Automatic;
				CURRENT_PROJECT_VERSION = 1;
				DEVELOPMENT_ASSET_PATHS = "\"AnimatingAndTransitions/Preview Content\"";
				DEVELOPMENT_TEAM = 2H7EM56K2Z;
				ENABLE_PREVIEWS = YES;
				GENERATE_INFOPLIST_FILE = YES;
				INFOPLIST_KEY_UIApplicationSceneManifest_Generation = YES;
				INFOPLIST_KEY_UIApplicationSupportsIndirectInputEvents = YES;
				INFOPLIST_KEY_UILaunchScreen_Generation = YES;
				INFOPLIST_KEY_UISupportedInterfaceOrientations_iPad = "UIInterfaceOrientationPortrait UIInterfaceOrientationPortraitUpsideDown UIInterfaceOrientationLandscapeLeft UIInterfaceOrientationLandscapeRight";
				INFOPLIST_KEY_UISupportedInterfaceOrientations_iPhone = "UIInterfaceOrientationPortrait UIInterfaceOrientationLandscapeLeft UIInterfaceOrientationLandscapeRight";
				LD_RUNPATH_SEARCH_PATHS = (
					"$(inherited)",
					"@executable_path/Frameworks",
				);
				MARKETING_VERSION = 1.0;
				PRODUCT_BUNDLE_IDENTIFIER = com.leeyuno.AnimatingAndTransitions;
				PRODUCT_NAME = "$(TARGET_NAME)";
				SWIFT_EMIT_LOC_STRINGS = YES;
				SWIFT_VERSION = 5.0;
				TARGETED_DEVICE_FAMILY = "1,2";
			};
			name = Release;
		};
		4FEBE68028D171C80065795D /* Debug */ = {
			isa = XCBuildConfiguration;
			buildSettings = {
				ALWAYS_EMBED_SWIFT_STANDARD_LIBRARIES = YES;
				BUNDLE_LOADER = "$(TEST_HOST)";
				CODE_SIGN_STYLE = Automatic;
				CURRENT_PROJECT_VERSION = 1;
				DEVELOPMENT_TEAM = 2H7EM56K2Z;
				GENERATE_INFOPLIST_FILE = YES;
				IPHONEOS_DEPLOYMENT_TARGET = 15.5;
				MARKETING_VERSION = 1.0;
				PRODUCT_BUNDLE_IDENTIFIER = com.leeyuno.AnimatingAndTransitionsTests;
				PRODUCT_NAME = "$(TARGET_NAME)";
				SWIFT_EMIT_LOC_STRINGS = NO;
				SWIFT_VERSION = 5.0;
				TARGETED_DEVICE_FAMILY = "1,2";
				TEST_HOST = "$(BUILT_PRODUCTS_DIR)/AnimatingAndTransitions.app/AnimatingAndTransitions";
			};
			name = Debug;
		};
		4FEBE68128D171C80065795D /* Release */ = {
			isa = XCBuildConfiguration;
			buildSettings = {
				ALWAYS_EMBED_SWIFT_STANDARD_LIBRARIES = YES;
				BUNDLE_LOADER = "$(TEST_HOST)";
				CODE_SIGN_STYLE = Automatic;
				CURRENT_PROJECT_VERSION = 1;
				DEVELOPMENT_TEAM = 2H7EM56K2Z;
				GENERATE_INFOPLIST_FILE = YES;
				IPHONEOS_DEPLOYMENT_TARGET = 15.5;
				MARKETING_VERSION = 1.0;
				PRODUCT_BUNDLE_IDENTIFIER = com.leeyuno.AnimatingAndTransitionsTests;
				PRODUCT_NAME = "$(TARGET_NAME)";
				SWIFT_EMIT_LOC_STRINGS = NO;
				SWIFT_VERSION = 5.0;
				TARGETED_DEVICE_FAMILY = "1,2";
				TEST_HOST = "$(BUILT_PRODUCTS_DIR)/AnimatingAndTransitions.app/AnimatingAndTransitions";
			};
			name = Release;
		};
		4FEBE68328D171C80065795D /* Debug */ = {
			isa = XCBuildConfiguration;
			buildSettings = {
				ALWAYS_EMBED_SWIFT_STANDARD_LIBRARIES = YES;
				CODE_SIGN_STYLE = Automatic;
				CURRENT_PROJECT_VERSION = 1;
				DEVELOPMENT_TEAM = 2H7EM56K2Z;
				GENERATE_INFOPLIST_FILE = YES;
				MARKETING_VERSION = 1.0;
				PRODUCT_BUNDLE_IDENTIFIER = com.leeyuno.AnimatingAndTransitionsUITests;
				PRODUCT_NAME = "$(TARGET_NAME)";
				SWIFT_EMIT_LOC_STRINGS = NO;
				SWIFT_VERSION = 5.0;
				TARGETED_DEVICE_FAMILY = "1,2";
				TEST_TARGET_NAME = AnimatingAndTransitions;
			};
			name = Debug;
		};
		4FEBE68428D171C80065795D /* Release */ = {
			isa = XCBuildConfiguration;
			buildSettings = {
				ALWAYS_EMBED_SWIFT_STANDARD_LIBRARIES = YES;
				CODE_SIGN_STYLE = Automatic;
				CURRENT_PROJECT_VERSION = 1;
				DEVELOPMENT_TEAM = 2H7EM56K2Z;
				GENERATE_INFOPLIST_FILE = YES;
				MARKETING_VERSION = 1.0;
				PRODUCT_BUNDLE_IDENTIFIER = com.leeyuno.AnimatingAndTransitionsUITests;
				PRODUCT_NAME = "$(TARGET_NAME)";
				SWIFT_EMIT_LOC_STRINGS = NO;
				SWIFT_VERSION = 5.0;
				TARGETED_DEVICE_FAMILY = "1,2";
				TEST_TARGET_NAME = AnimatingAndTransitions;
			};
			name = Release;
		};
/* End XCBuildConfiguration section */

/* Begin XCConfigurationList section */
		4FEBE65328D171C20065795D /* Build configuration list for PBXProject "AnimatingAndTransitions" */ = {
			isa = XCConfigurationList;
			buildConfigurations = (
				4FEBE67A28D171C80065795D /* Debug */,
				4FEBE67B28D171C80065795D /* Release */,
			);
			defaultConfigurationIsVisible = 0;
			defaultConfigurationName = Release;
		};
		4FEBE67C28D171C80065795D /* Build configuration list for PBXNativeTarget "AnimatingAndTransitions" */ = {
			isa = XCConfigurationList;
			buildConfigurations = (
				4FEBE67D28D171C80065795D /* Debug */,
				4FEBE67E28D171C80065795D /* Release */,
			);
			defaultConfigurationIsVisible = 0;
			defaultConfigurationName = Release;
		};
		4FEBE67F28D171C80065795D /* Build configuration list for PBXNativeTarget "AnimatingAndTransitionsTests" */ = {
			isa = XCConfigurationList;
			buildConfigurations = (
				4FEBE68028D171C80065795D /* Debug */,
				4FEBE68128D171C80065795D /* Release */,
			);
			defaultConfigurationIsVisible = 0;
			defaultConfigurationName = Release;
		};
		4FEBE68228D171C80065795D /* Build configuration list for PBXNativeTarget "AnimatingAndTransitionsUITests" */ = {
			isa = XCConfigurationList;
			buildConfigurations = (
				4FEBE68328D171C80065795D /* Debug */,
				4FEBE68428D171C80065795D /* Release */,
			);
			defaultConfigurationIsVisible = 0;
			defaultConfigurationName = Release;
		};
/* End XCConfigurationList section */
	};
	rootObject = 4FEBE65028D171C20065795D /* Project object */;
}
