// !$*UTF8*$!
{
	archiveVersion = 1;
	classes = {
	};
	objectVersion = 55;
	objects = {

/* Begin PBXBuildFile section */
		4FEBE61128D071E60065795D /* DrawingPathsAndShapesApp.swift in Sources */ = {isa = PBXBuildFile; fileRef = 4FEBE61028D071E60065795D /* DrawingPathsAndShapesApp.swift */; };
		4FEBE61328D071E60065795D /* ContentView.swift in Sources */ = {isa = PBXBuildFile; fileRef = 4FEBE61228D071E60065795D /* ContentView.swift */; };
		4FEBE61528D071E80065795D /* Assets.xcassets in Resources */ = {isa = PBXBuildFile; fileRef = 4FEBE61428D071E80065795D /* Assets.xcassets */; };
		4FEBE61828D071E80065795D /* Preview Assets.xcassets in Resources */ = {isa = PBXBuildFile; fileRef = 4FEBE61728D071E80065795D /* Preview Assets.xcassets */; };
		4FEBE62228D071E80065795D /* DrawingPathsAndShapesTests.swift in Sources */ = {isa = PBXBuildFile; fileRef = 4FEBE62128D071E80065795D /* DrawingPathsAndShapesTests.swift */; };
		4FEBE62C28D071E80065795D /* DrawingPathsAndShapesUITests.swift in Sources */ = {isa = PBXBuildFile; fileRef = 4FEBE62B28D071E80065795D /* DrawingPathsAndShapesUITests.swift */; };
		4FEBE62E28D071E80065795D /* DrawingPathsAndShapesUITestsLaunchTests.swift in Sources */ = {isa = PBXBuildFile; fileRef = 4FEBE62D28D071E80065795D /* DrawingPathsAndShapesUITestsLaunchTests.swift */; };
		4FEBE63E28D072E60065795D /* HexagonParameters.swift in Sources */ = {isa = PBXBuildFile; fileRef = 4FEBE63D28D072E60065795D /* HexagonParameters.swift */; };
		4FEBE64028D073950065795D /* BadgeBackground.swift in Sources */ = {isa = PBXBuildFile; fileRef = 4FEBE63F28D073950065795D /* BadgeBackground.swift */; };
/* End PBXBuildFile section */

/* Begin PBXContainerItemProxy section */
		4FEBE61E28D071E80065795D /* PBXContainerItemProxy */ = {
			isa = PBXContainerItemProxy;
			containerPortal = 4FEBE60528D071E60065795D /* Project object */;
			proxyType = 1;
			remoteGlobalIDString = 4FEBE60C28D071E60065795D;
			remoteInfo = DrawingPathsAndShapes;
		};
		4FEBE62828D071E80065795D /* PBXContainerItemProxy */ = {
			isa = PBXContainerItemProxy;
			containerPortal = 4FEBE60528D071E60065795D /* Project object */;
			proxyType = 1;
			remoteGlobalIDString = 4FEBE60C28D071E60065795D;
			remoteInfo = DrawingPathsAndShapes;
		};
/* End PBXContainerItemProxy section */

/* Begin PBXFileReference section */
		4FEBE60D28D071E60065795D /* DrawingPathsAndShapes.app */ = {isa = PBXFileReference; explicitFileType = wrapper.application; includeInIndex = 0; path = DrawingPathsAndShapes.app; sourceTree = BUILT_PRODUCTS_DIR; };
		4FEBE61028D071E60065795D /* DrawingPathsAndShapesApp.swift */ = {isa = PBXFileReference; lastKnownFileType = sourcecode.swift; path = DrawingPathsAndShapesApp.swift; sourceTree = "<group>"; };
		4FEBE61228D071E60065795D /* ContentView.swift */ = {isa = PBXFileReference; lastKnownFileType = sourcecode.swift; path = ContentView.swift; sourceTree = "<group>"; };
		4FEBE61428D071E80065795D /* Assets.xcassets */ = {isa = PBXFileReference; lastKnownFileType = folder.assetcatalog; path = Assets.xcassets; sourceTree = "<group>"; };
		4FEBE61728D071E80065795D /* Preview Assets.xcassets */ = {isa = PBXFileReference; lastKnownFileType = folder.assetcatalog; path = "Preview Assets.xcassets"; sourceTree = "<group>"; };
		4FEBE61D28D071E80065795D /* DrawingPathsAndShapesTests.xctest */ = {isa = PBXFileReference; explicitFileType = wrapper.cfbundle; includeInIndex = 0; path = DrawingPathsAndShapesTests.xctest; sourceTree = BUILT_PRODUCTS_DIR; };
		4FEBE62128D071E80065795D /* DrawingPathsAndShapesTests.swift */ = {isa = PBXFileReference; lastKnownFileType = sourcecode.swift; path = DrawingPathsAndShapesTests.swift; sourceTree = "<group>"; };
		4FEBE62728D071E80065795D /* DrawingPathsAndShapesUITests.xctest */ = {isa = PBXFileReference; explicitFileType = wrapper.cfbundle; includeInIndex = 0; path = DrawingPathsAndShapesUITests.xctest; sourceTree = BUILT_PRODUCTS_DIR; };
		4FEBE62B28D071E80065795D /* DrawingPathsAndShapesUITests.swift */ = {isa = PBXFileReference; lastKnownFileType = sourcecode.swift; path = DrawingPathsAndShapesUITests.swift; sourceTree = "<group>"; };
		4FEBE62D28D071E80065795D /* DrawingPathsAndShapesUITestsLaunchTests.swift */ = {isa = PBXFileReference; lastKnownFileType = sourcecode.swift; path = DrawingPathsAndShapesUITestsLaunchTests.swift; sourceTree = "<group>"; };
		4FEBE63D28D072E60065795D /* HexagonParameters.swift */ = {isa = PBXFileReference; lastKnownFileType = sourcecode.swift; path = HexagonParameters.swift; sourceTree = "<group>"; };
		4FEBE63F28D073950065795D /* BadgeBackground.swift */ = {isa = PBXFileReference; lastKnownFileType = sourcecode.swift; path = BadgeBackground.swift; sourceTree = "<group>"; };
/* End PBXFileReference section */

/* Begin PBXFrameworksBuildPhase section */
		4FEBE60A28D071E60065795D /* Frameworks */ = {
			isa = PBXFrameworksBuildPhase;
			buildActionMask = 2147483647;
			files = (
			);
			runOnlyForDeploymentPostprocessing = 0;
		};
		4FEBE61A28D071E80065795D /* Frameworks */ = {
			isa = PBXFrameworksBuildPhase;
			buildActionMask = 2147483647;
			files = (
			);
			runOnlyForDeploymentPostprocessing = 0;
		};
		4FEBE62428D071E80065795D /* Frameworks */ = {
			isa = PBXFrameworksBuildPhase;
			buildActionMask = 2147483647;
			files = (
			);
			runOnlyForDeploymentPostprocessing = 0;
		};
/* End PBXFrameworksBuildPhase section */

/* Begin PBXGroup section */
		4FEBE60428D071E60065795D = {
			isa = PBXGroup;
			children = (
				4FEBE60F28D071E60065795D /* DrawingPathsAndShapes */,
				4FEBE62028D071E80065795D /* DrawingPathsAndShapesTests */,
				4FEBE62A28D071E80065795D /* DrawingPathsAndShapesUITests */,
				4FEBE60E28D071E60065795D /* Products */,
			);
			sourceTree = "<group>";
		};
		4FEBE60E28D071E60065795D /* Products */ = {
			isa = PBXGroup;
			children = (
				4FEBE60D28D071E60065795D /* DrawingPathsAndShapes.app */,
				4FEBE61D28D071E80065795D /* DrawingPathsAndShapesTests.xctest */,
				4FEBE62728D071E80065795D /* DrawingPathsAndShapesUITests.xctest */,
			);
			name = Products;
			sourceTree = "<group>";
		};
		4FEBE60F28D071E60065795D /* DrawingPathsAndShapes */ = {
			isa = PBXGroup;
			children = (
				4FEBE63C28D072D10065795D /* Views */,
				4FEBE61028D071E60065795D /* DrawingPathsAndShapesApp.swift */,
				4FEBE61228D071E60065795D /* ContentView.swift */,
				4FEBE61428D071E80065795D /* Assets.xcassets */,
				4FEBE61628D071E80065795D /* Preview Content */,
			);
			path = DrawingPathsAndShapes;
			sourceTree = "<group>";
		};
		4FEBE61628D071E80065795D /* Preview Content */ = {
			isa = PBXGroup;
			children = (
				4FEBE61728D071E80065795D /* Preview Assets.xcassets */,
			);
			path = "Preview Content";
			sourceTree = "<group>";
		};
		4FEBE62028D071E80065795D /* DrawingPathsAndShapesTests */ = {
			isa = PBXGroup;
			children = (
				4FEBE62128D071E80065795D /* DrawingPathsAndShapesTests.swift */,
			);
			path = DrawingPathsAndShapesTests;
			sourceTree = "<group>";
		};
		4FEBE62A28D071E80065795D /* DrawingPathsAndShapesUITests */ = {
			isa = PBXGroup;
			children = (
				4FEBE62B28D071E80065795D /* DrawingPathsAndShapesUITests.swift */,
				4FEBE62D28D071E80065795D /* DrawingPathsAndShapesUITestsLaunchTests.swift */,
			);
			path = DrawingPathsAndShapesUITests;
			sourceTree = "<group>";
		};
		4FEBE63C28D072D10065795D /* Views */ = {
			isa = PBXGroup;
			children = (
				4FEBE63D28D072E60065795D /* HexagonParameters.swift */,
				4FEBE63F28D073950065795D /* BadgeBackground.swift */,
			);
			path = Views;
			sourceTree = "<group>";
		};
/* End PBXGroup section */

/* Begin PBXNativeTarget section */
		4FEBE60C28D071E60065795D /* DrawingPathsAndShapes */ = {
			isa = PBXNativeTarget;
			buildConfigurationList = 4FEBE63128D071E80065795D /* Build configuration list for PBXNativeTarget "DrawingPathsAndShapes" */;
			buildPhases = (
				4FEBE60928D071E60065795D /* Sources */,
				4FEBE60A28D071E60065795D /* Frameworks */,
				4FEBE60B28D071E60065795D /* Resources */,
			);
			buildRules = (
			);
			dependencies = (
			);
			name = DrawingPathsAndShapes;
			productName = DrawingPathsAndShapes;
			productReference = 4FEBE60D28D071E60065795D /* DrawingPathsAndShapes.app */;
			productType = "com.apple.product-type.application";
		};
		4FEBE61C28D071E80065795D /* DrawingPathsAndShapesTests */ = {
			isa = PBXNativeTarget;
			buildConfigurationList = 4FEBE63428D071E80065795D /* Build configuration list for PBXNativeTarget "DrawingPathsAndShapesTests" */;
			buildPhases = (
				4FEBE61928D071E80065795D /* Sources */,
				4FEBE61A28D071E80065795D /* Frameworks */,
				4FEBE61B28D071E80065795D /* Resources */,
			);
			buildRules = (
			);
			dependencies = (
				4FEBE61F28D071E80065795D /* PBXTargetDependency */,
			);
			name = DrawingPathsAndShapesTests;
			productName = DrawingPathsAndShapesTests;
			productReference = 4FEBE61D28D071E80065795D /* DrawingPathsAndShapesTests.xctest */;
			productType = "com.apple.product-type.bundle.unit-test";
		};
		4FEBE62628D071E80065795D /* DrawingPathsAndShapesUITests */ = {
			isa = PBXNativeTarget;
			buildConfigurationList = 4FEBE63728D071E80065795D /* Build configuration list for PBXNativeTarget "DrawingPathsAndShapesUITests" */;
			buildPhases = (
				4FEBE62328D071E80065795D /* Sources */,
				4FEBE62428D071E80065795D /* Frameworks */,
				4FEBE62528D071E80065795D /* Resources */,
			);
			buildRules = (
			);
			dependencies = (
				4FEBE62928D071E80065795D /* PBXTargetDependency */,
			);
			name = DrawingPathsAndShapesUITests;
			productName = DrawingPathsAndShapesUITests;
			productReference = 4FEBE62728D071E80065795D /* DrawingPathsAndShapesUITests.xctest */;
			productType = "com.apple.product-type.bundle.ui-testing";
		};
/* End PBXNativeTarget section */

/* Begin PBXProject section */
		4FEBE60528D071E60065795D /* Project object */ = {
			isa = PBXProject;
			attributes = {
				BuildIndependentTargetsInParallel = 1;
				LastSwiftUpdateCheck = 1340;
				LastUpgradeCheck = 1340;
				TargetAttributes = {
					4FEBE60C28D071E60065795D = {
						CreatedOnToolsVersion = 13.4.1;
					};
					4FEBE61C28D071E80065795D = {
						CreatedOnToolsVersion = 13.4.1;
						TestTargetID = 4FEBE60C28D071E60065795D;
					};
					4FEBE62628D071E80065795D = {
						CreatedOnToolsVersion = 13.4.1;
						TestTargetID = 4FEBE60C28D071E60065795D;
					};
				};
			};
			buildConfigurationList = 4FEBE60828D071E60065795D /* Build configuration list for PBXProject "DrawingPathsAndShapes" */;
			compatibilityVersion = "Xcode 13.0";
			developmentRegion = en;
			hasScannedForEncodings = 0;
			knownRegions = (
				en,
				Base,
			);
			mainGroup = 4FEBE60428D071E60065795D;
			productRefGroup = 4FEBE60E28D071E60065795D /* Products */;
			projectDirPath = "";
			projectRoot = "";
			targets = (
				4FEBE60C28D071E60065795D /* DrawingPathsAndShapes */,
				4FEBE61C28D071E80065795D /* DrawingPathsAndShapesTests */,
				4FEBE62628D071E80065795D /* DrawingPathsAndShapesUITests */,
			);
		};
/* End PBXProject section */

/* Begin PBXResourcesBuildPhase section */
		4FEBE60B28D071E60065795D /* Resources */ = {
			isa = PBXResourcesBuildPhase;
			buildActionMask = 2147483647;
			files = (
				4FEBE61828D071E80065795D /* Preview Assets.xcassets in Resources */,
				4FEBE61528D071E80065795D /* Assets.xcassets in Resources */,
			);
			runOnlyForDeploymentPostprocessing = 0;
		};
		4FEBE61B28D071E80065795D /* Resources */ = {
			isa = PBXResourcesBuildPhase;
			buildActionMask = 2147483647;
			files = (
			);
			runOnlyForDeploymentPostprocessing = 0;
		};
		4FEBE62528D071E80065795D /* Resources */ = {
			isa = PBXResourcesBuildPhase;
			buildActionMask = 2147483647;
			files = (
			);
			runOnlyForDeploymentPostprocessing = 0;
		};
/* End PBXResourcesBuildPhase section */

/* Begin PBXSourcesBuildPhase section */
		4FEBE60928D071E60065795D /* Sources */ = {
			isa = PBXSourcesBuildPhase;
			buildActionMask = 2147483647;
			files = (
				4FEBE63E28D072E60065795D /* HexagonParameters.swift in Sources */,
				4FEBE61328D071E60065795D /* ContentView.swift in Sources */,
				4FEBE61128D071E60065795D /* DrawingPathsAndShapesApp.swift in Sources */,
				4FEBE64028D073950065795D /* BadgeBackground.swift in Sources */,
			);
			runOnlyForDeploymentPostprocessing = 0;
		};
		4FEBE61928D071E80065795D /* Sources */ = {
			isa = PBXSourcesBuildPhase;
			buildActionMask = 2147483647;
			files = (
				4FEBE62228D071E80065795D /* DrawingPathsAndShapesTests.swift in Sources */,
			);
			runOnlyForDeploymentPostprocessing = 0;
		};
		4FEBE62328D071E80065795D /* Sources */ = {
			isa = PBXSourcesBuildPhase;
			buildActionMask = 2147483647;
			files = (
				4FEBE62E28D071E80065795D /* DrawingPathsAndShapesUITestsLaunchTests.swift in Sources */,
				4FEBE62C28D071E80065795D /* DrawingPathsAndShapesUITests.swift in Sources */,
			);
			runOnlyForDeploymentPostprocessing = 0;
		};
/* End PBXSourcesBuildPhase section */

/* Begin PBXTargetDependency section */
		4FEBE61F28D071E80065795D /* PBXTargetDependency */ = {
			isa = PBXTargetDependency;
			target = 4FEBE60C28D071E60065795D /* DrawingPathsAndShapes */;
			targetProxy = 4FEBE61E28D071E80065795D /* PBXContainerItemProxy */;
		};
		4FEBE62928D071E80065795D /* PBXTargetDependency */ = {
			isa = PBXTargetDependency;
			target = 4FEBE60C28D071E60065795D /* DrawingPathsAndShapes */;
			targetProxy = 4FEBE62828D071E80065795D /* PBXContainerItemProxy */;
		};
/* End PBXTargetDependency section */

/* Begin XCBuildConfiguration section */
		4FEBE62F28D071E80065795D /* Debug */ = {
			isa = XCBuildConfiguration;
			buildSettings = {
				ALWAYS_SEARCH_USER_PATHS = NO;
				CLANG_ANALYZER_NONNULL = YES;
				CLANG_ANALYZER_NUMBER_OBJECT_CONVERSION = YES_AGGRESSIVE;
				CLANG_CXX_LANGUAGE_STANDARD = "gnu++17";
				CLANG_ENABLE_MODULES = YES;
				CLANG_ENABLE_OBJC_ARC = YES;
				CLANG_ENABLE_OBJC_WEAK = YES;
				CLANG_WARN_BLOCK_CAPTURE_AUTORELEASING = YES;
				CLANG_WARN_BOOL_CONVERSION = YES;
				CLANG_WARN_COMMA = YES;
				CLANG_WARN_CONSTANT_CONVERSION = YES;
				CLANG_WARN_DEPRECATED_OBJC_IMPLEMENTATIONS = YES;
				CLANG_WARN_DIRECT_OBJC_ISA_USAGE = YES_ERROR;
				CLANG_WARN_DOCUMENTATION_COMMENTS = YES;
				CLANG_WARN_EMPTY_BODY = YES;
				CLANG_WARN_ENUM_CONVERSION = YES;
				CLANG_WARN_INFINITE_RECURSION = YES;
				CLANG_WARN_INT_CONVERSION = YES;
				CLANG_WARN_NON_LITERAL_NULL_CONVERSION = YES;
				CLANG_WARN_OBJC_IMPLICIT_RETAIN_SELF = YES;
				CLANG_WARN_OBJC_LITERAL_CONVERSION = YES;
				CLANG_WARN_OBJC_ROOT_CLASS = YES_ERROR;
				CLANG_WARN_QUOTED_INCLUDE_IN_FRAMEWORK_HEADER = YES;
				CLANG_WARN_RANGE_LOOP_ANALYSIS = YES;
				CLANG_WARN_STRICT_PROTOTYPES = YES;
				CLANG_WARN_SUSPICIOUS_MOVE = YES;
				CLANG_WARN_UNGUARDED_AVAILABILITY = YES_AGGRESSIVE;
				CLANG_WARN_UNREACHABLE_CODE = YES;
				CLANG_WARN__DUPLICATE_METHOD_MATCH = YES;
				COPY_PHASE_STRIP = NO;
				DEBUG_INFORMATION_FORMAT = dwarf;
				ENABLE_STRICT_OBJC_MSGSEND = YES;
				ENABLE_TESTABILITY = YES;
				GCC_C_LANGUAGE_STANDARD = gnu11;
				GCC_DYNAMIC_NO_PIC = NO;
				GCC_NO_COMMON_BLOCKS = YES;
				GCC_OPTIMIZATION_LEVEL = 0;
				GCC_PREPROCESSOR_DEFINITIONS = (
					"DEBUG=1",
					"$(inherited)",
				);
				GCC_WARN_64_TO_32_BIT_CONVERSION = YES;
				GCC_WARN_ABOUT_RETURN_TYPE = YES_ERROR;
				GCC_WARN_UNDECLARED_SELECTOR = YES;
				GCC_WARN_UNINITIALIZED_AUTOS = YES_AGGRESSIVE;
				GCC_WARN_UNUSED_FUNCTION = YES;
				GCC_WARN_UNUSED_VARIABLE = YES;
				IPHONEOS_DEPLOYMENT_TARGET = 15.5;
				MTL_ENABLE_DEBUG_INFO = INCLUDE_SOURCE;
				MTL_FAST_MATH = YES;
				ONLY_ACTIVE_ARCH = YES;
				SDKROOT = iphoneos;
				SWIFT_ACTIVE_COMPILATION_CONDITIONS = DEBUG;
				SWIFT_OPTIMIZATION_LEVEL = "-Onone";
			};
			name = Debug;
		};
		4FEBE63028D071E80065795D /* Release */ = {
			isa = XCBuildConfiguration;
			buildSettings = {
				ALWAYS_SEARCH_USER_PATHS = NO;
				CLANG_ANALYZER_NONNULL = YES;
				CLANG_ANALYZER_NUMBER_OBJECT_CONVERSION = YES_AGGRESSIVE;
				CLANG_CXX_LANGUAGE_STANDARD = "gnu++17";
				CLANG_ENABLE_MODULES = YES;
				CLANG_ENABLE_OBJC_ARC = YES;
				CLANG_ENABLE_OBJC_WEAK = YES;
				CLANG_WARN_BLOCK_CAPTURE_AUTORELEASING = YES;
				CLANG_WARN_BOOL_CONVERSION = YES;
				CLANG_WARN_COMMA = YES;
				CLANG_WARN_CONSTANT_CONVERSION = YES;
				CLANG_WARN_DEPRECATED_OBJC_IMPLEMENTATIONS = YES;
				CLANG_WARN_DIRECT_OBJC_ISA_USAGE = YES_ERROR;
				CLANG_WARN_DOCUMENTATION_COMMENTS = YES;
				CLANG_WARN_EMPTY_BODY = YES;
				CLANG_WARN_ENUM_CONVERSION = YES;
				CLANG_WARN_INFINITE_RECURSION = YES;
				CLANG_WARN_INT_CONVERSION = YES;
				CLANG_WARN_NON_LITERAL_NULL_CONVERSION = YES;
				CLANG_WARN_OBJC_IMPLICIT_RETAIN_SELF = YES;
				CLANG_WARN_OBJC_LITERAL_CONVERSION = YES;
				CLANG_WARN_OBJC_ROOT_CLASS = YES_ERROR;
				CLANG_WARN_QUOTED_INCLUDE_IN_FRAMEWORK_HEADER = YES;
				CLANG_WARN_RANGE_LOOP_ANALYSIS = YES;
				CLANG_WARN_STRICT_PROTOTYPES = YES;
				CLANG_WARN_SUSPICIOUS_MOVE = YES;
				CLANG_WARN_UNGUARDED_AVAILABILITY = YES_AGGRESSIVE;
				CLANG_WARN_UNREACHABLE_CODE = YES;
				CLANG_WARN__DUPLICATE_METHOD_MATCH = YES;
				COPY_PHASE_STRIP = NO;
				DEBUG_INFORMATION_FORMAT = "dwarf-with-dsym";
				ENABLE_NS_ASSERTIONS = NO;
				ENABLE_STRICT_OBJC_MSGSEND = YES;
				GCC_C_LANGUAGE_STANDARD = gnu11;
				GCC_NO_COMMON_BLOCKS = YES;
				GCC_WARN_64_TO_32_BIT_CONVERSION = YES;
				GCC_WARN_ABOUT_RETURN_TYPE = YES_ERROR;
				GCC_WARN_UNDECLARED_SELECTOR = YES;
				GCC_WARN_UNINITIALIZED_AUTOS = YES_AGGRESSIVE;
				GCC_WARN_UNUSED_FUNCTION = YES;
				GCC_WARN_UNUSED_VARIABLE = YES;
				IPHONEOS_DEPLOYMENT_TARGET = 15.5;
				MTL_ENABLE_DEBUG_INFO = NO;
				MTL_FAST_MATH = YES;
				SDKROOT = iphoneos;
				SWIFT_COMPILATION_MODE = wholemodule;
				SWIFT_OPTIMIZATION_LEVEL = "-O";
				VALIDATE_PRODUCT = YES;
			};
			name = Release;
		};
		4FEBE63228D071E80065795D /* Debug */ = {
			isa = XCBuildConfiguration;
			buildSettings = {
				ASSETCATALOG_COMPILER_APPICON_NAME = AppIcon;
				ASSETCATALOG_COMPILER_GLOBAL_ACCENT_COLOR_NAME = AccentColor;
				CODE_SIGN_STYLE = Automatic;
				CURRENT_PROJECT_VERSION = 1;
				DEVELOPMENT_ASSET_PATHS = "\"DrawingPathsAndShapes/Preview Content\"";
				DEVELOPMENT_TEAM = 2H7EM56K2Z;
				ENABLE_PREVIEWS = YES;
				GENERATE_INFOPLIST_FILE = YES;
				INFOPLIST_KEY_UIApplicationSceneManifest_Generation = YES;
				INFOPLIST_KEY_UIApplicationSupportsIndirectInputEvents = YES;
				INFOPLIST_KEY_UILaunchScreen_Generation = YES;
				INFOPLIST_KEY_UISupportedInterfaceOrientations_iPad = "UIInterfaceOrientationPortrait UIInterfaceOrientationPortraitUpsideDown UIInterfaceOrientationLandscapeLeft UIInterfaceOrientationLandscapeRight";
				INFOPLIST_KEY_UISupportedInterfaceOrientations_iPhone = "UIInterfaceOrientationPortrait UIInterfaceOrientationLandscapeLeft UIInterfaceOrientationLandscapeRight";
				LD_RUNPATH_SEARCH_PATHS = (
					"$(inherited)",
					"@executable_path/Frameworks",
				);
				MARKETING_VERSION = 1.0;
				PRODUCT_BUNDLE_IDENTIFIER = com.leeyuno.DrawingPathsAndShapes;
				PRODUCT_NAME = "$(TARGET_NAME)";
				SWIFT_EMIT_LOC_STRINGS = YES;
				SWIFT_VERSION = 5.0;
				TARGETED_DEVICE_FAMILY = "1,2";
			};
			name = Debug;
		};
		4FEBE63328D071E80065795D /* Release */ = {
			isa = XCBuildConfiguration;
			buildSettings = {
				ASSETCATALOG_COMPILER_APPICON_NAME = AppIcon;
				ASSETCATALOG_COMPILER_GLOBAL_ACCENT_COLOR_NAME = AccentColor;
				CODE_SIGN_STYLE = Automatic;
				CURRENT_PROJECT_VERSION = 1;
				DEVELOPMENT_ASSET_PATHS = "\"DrawingPathsAndShapes/Preview Content\"";
				DEVELOPMENT_TEAM = 2H7EM56K2Z;
				ENABLE_PREVIEWS = YES;
				GENERATE_INFOPLIST_FILE = YES;
				INFOPLIST_KEY_UIApplicationSceneManifest_Generation = YES;
				INFOPLIST_KEY_UIApplicationSupportsIndirectInputEvents = YES;
				INFOPLIST_KEY_UILaunchScreen_Generation = YES;
				INFOPLIST_KEY_UISupportedInterfaceOrientations_iPad = "UIInterfaceOrientationPortrait UIInterfaceOrientationPortraitUpsideDown UIInterfaceOrientationLandscapeLeft UIInterfaceOrientationLandscapeRight";
				INFOPLIST_KEY_UISupportedInterfaceOrientations_iPhone = "UIInterfaceOrientationPortrait UIInterfaceOrientationLandscapeLeft UIInterfaceOrientationLandscapeRight";
				LD_RUNPATH_SEARCH_PATHS = (
					"$(inherited)",
					"@executable_path/Frameworks",
				);
				MARKETING_VERSION = 1.0;
				PRODUCT_BUNDLE_IDENTIFIER = com.leeyuno.DrawingPathsAndShapes;
				PRODUCT_NAME = "$(TARGET_NAME)";
				SWIFT_EMIT_LOC_STRINGS = YES;
				SWIFT_VERSION = 5.0;
				TARGETED_DEVICE_FAMILY = "1,2";
			};
			name = Release;
		};
		4FEBE63528D071E80065795D /* Debug */ = {
			isa = XCBuildConfiguration;
			buildSettings = {
				ALWAYS_EMBED_SWIFT_STANDARD_LIBRARIES = YES;
				BUNDLE_LOADER = "$(TEST_HOST)";
				CODE_SIGN_STYLE = Automatic;
				CURRENT_PROJECT_VERSION = 1;
				DEVELOPMENT_TEAM = 2H7EM56K2Z;
				GENERATE_INFOPLIST_FILE = YES;
				IPHONEOS_DEPLOYMENT_TARGET = 15.5;
				MARKETING_VERSION = 1.0;
				PRODUCT_BUNDLE_IDENTIFIER = com.leeyuno.DrawingPathsAndShapesTests;
				PRODUCT_NAME = "$(TARGET_NAME)";
				SWIFT_EMIT_LOC_STRINGS = NO;
				SWIFT_VERSION = 5.0;
				TARGETED_DEVICE_FAMILY = "1,2";
				TEST_HOST = "$(BUILT_PRODUCTS_DIR)/DrawingPathsAndShapes.app/DrawingPathsAndShapes";
			};
			name = Debug;
		};
		4FEBE63628D071E80065795D /* Release */ = {
			isa = XCBuildConfiguration;
			buildSettings = {
				ALWAYS_EMBED_SWIFT_STANDARD_LIBRARIES = YES;
				BUNDLE_LOADER = "$(TEST_HOST)";
				CODE_SIGN_STYLE = Automatic;
				CURRENT_PROJECT_VERSION = 1;
				DEVELOPMENT_TEAM = 2H7EM56K2Z;
				GENERATE_INFOPLIST_FILE = YES;
				IPHONEOS_DEPLOYMENT_TARGET = 15.5;
				MARKETING_VERSION = 1.0;
				PRODUCT_BUNDLE_IDENTIFIER = com.leeyuno.DrawingPathsAndShapesTests;
				PRODUCT_NAME = "$(TARGET_NAME)";
				SWIFT_EMIT_LOC_STRINGS = NO;
				SWIFT_VERSION = 5.0;
				TARGETED_DEVICE_FAMILY = "1,2";
				TEST_HOST = "$(BUILT_PRODUCTS_DIR)/DrawingPathsAndShapes.app/DrawingPathsAndShapes";
			};
			name = Release;
		};
		4FEBE63828D071E80065795D /* Debug */ = {
			isa = XCBuildConfiguration;
			buildSettings = {
				ALWAYS_EMBED_SWIFT_STANDARD_LIBRARIES = YES;
				CODE_SIGN_STYLE = Automatic;
				CURRENT_PROJECT_VERSION = 1;
				DEVELOPMENT_TEAM = 2H7EM56K2Z;
				GENERATE_INFOPLIST_FILE = YES;
				MARKETING_VERSION = 1.0;
				PRODUCT_BUNDLE_IDENTIFIER = com.leeyuno.DrawingPathsAndShapesUITests;
				PRODUCT_NAME = "$(TARGET_NAME)";
				SWIFT_EMIT_LOC_STRINGS = NO;
				SWIFT_VERSION = 5.0;
				TARGETED_DEVICE_FAMILY = "1,2";
				TEST_TARGET_NAME = DrawingPathsAndShapes;
			};
			name = Debug;
		};
		4FEBE63928D071E80065795D /* Release */ = {
			isa = XCBuildConfiguration;
			buildSettings = {
				ALWAYS_EMBED_SWIFT_STANDARD_LIBRARIES = YES;
				CODE_SIGN_STYLE = Automatic;
				CURRENT_PROJECT_VERSION = 1;
				DEVELOPMENT_TEAM = 2H7EM56K2Z;
				GENERATE_INFOPLIST_FILE = YES;
				MARKETING_VERSION = 1.0;
				PRODUCT_BUNDLE_IDENTIFIER = com.leeyuno.DrawingPathsAndShapesUITests;
				PRODUCT_NAME = "$(TARGET_NAME)";
				SWIFT_EMIT_LOC_STRINGS = NO;
				SWIFT_VERSION = 5.0;
				TARGETED_DEVICE_FAMILY = "1,2";
				TEST_TARGET_NAME = DrawingPathsAndShapes;
			};
			name = Release;
		};
/* End XCBuildConfiguration section */

/* Begin XCConfigurationList section */
		4FEBE60828D071E60065795D /* Build configuration list for PBXProject "DrawingPathsAndShapes" */ = {
			isa = XCConfigurationList;
			buildConfigurations = (
				4FEBE62F28D071E80065795D /* Debug */,
				4FEBE63028D071E80065795D /* Release */,
			);
			defaultConfigurationIsVisible = 0;
			defaultConfigurationName = Release;
		};
		4FEBE63128D071E80065795D /* Build configuration list for PBXNativeTarget "DrawingPathsAndShapes" */ = {
			isa = XCConfigurationList;
			buildConfigurations = (
				4FEBE63228D071E80065795D /* Debug */,
				4FEBE63328D071E80065795D /* Release */,
			);
			defaultConfigurationIsVisible = 0;
			defaultConfigurationName = Release;
		};
		4FEBE63428D071E80065795D /* Build configuration list for PBXNativeTarget "DrawingPathsAndShapesTests" */ = {
			isa = XCConfigurationList;
			buildConfigurations = (
				4FEBE63528D071E80065795D /* Debug */,
				4FEBE63628D071E80065795D /* Release */,
			);
			defaultConfigurationIsVisible = 0;
			defaultConfigurationName = Release;
		};
		4FEBE63728D071E80065795D /* Build configuration list for PBXNativeTarget "DrawingPathsAndShapesUITests" */ = {
			isa = XCConfigurationList;
			buildConfigurations = (
				4FEBE63828D071E80065795D /* Debug */,
				4FEBE63928D071E80065795D /* Release */,
			);
			defaultConfigurationIsVisible = 0;
			defaultConfigurationName = Release;
		};
/* End XCConfigurationList section */
	};
	rootObject = 4FEBE60528D071E60065795D /* Project object */;
}
